
Microsoft Visual Studio Solution File, Format Version 12.00
# Visual Studio 15
VisualStudioVersion = 15.0.27130.2027
MinimumVisualStudioVersion = 10.0.40219.1
Project("{FAE04EC0-301F-11D3-BF4B-00C04F79EFBC}") = "SL_Buildalyzer", "src\Buildalyzer\SL_Buildalyzer.csproj", "{252BD05D-80E4-4AE9-AE83-98B8D01CA30C}"
EndProject
Project("{2150E333-8FDC-42A3-9474-1A3956D46DE8}") = "tests", "tests", "{2D6F1622-8D17-4D49-A9D1-E4AEAFE99370}"
EndProject
Project("{FAE04EC0-301F-11D3-BF4B-00C04F79EFBC}") = "SL_Buildalyzer.Workspaces", "src\Buildalyzer.Workspaces\SL_Buildalyzer.Workspaces.csproj", "{A4258D78-B721-4AE9-A2F5-FFBB21D9ABF0}"
EndProject
Project("{2150E333-8FDC-42A3-9474-1A3956D46DE8}") = "src", "src", "{A52BD74E-3894-4A6E-8B9A-143A004F07F3}"
EndProject
Project("{FAE04EC0-301F-11D3-BF4B-00C04F79EFBC}") = "SL_Buildalyzer.Logger", "src\Buildalyzer.Logger\SL_Buildalyzer.Logger.csproj", "{A46CB47B-1561-41F2-AF52-F0E1DC2C886A}"
EndProject
Global
	GlobalSection(SolutionConfigurationPlatforms) = preSolution
		Debug|Any CPU = Debug|Any CPU
		Release|Any CPU = Release|Any CPU
	EndGlobalSection
	GlobalSection(ProjectConfigurationPlatforms) = postSolution
		{252BD05D-80E4-4AE9-AE83-98B8D01CA30C}.Debug|Any CPU.ActiveCfg = Debug|Any CPU
		{252BD05D-80E4-4AE9-AE83-98B8D01CA30C}.Debug|Any CPU.Build.0 = Debug|Any CPU
		{252BD05D-80E4-4AE9-AE83-98B8D01CA30C}.Release|Any CPU.ActiveCfg = Release|Any CPU
		{252BD05D-80E4-4AE9-AE83-98B8D01CA30C}.Release|Any CPU.Build.0 = Release|Any CPU
		{A4258D78-B721-4AE9-A2F5-FFBB21D9ABF0}.Debug|Any CPU.ActiveCfg = Debug|Any CPU
		{A4258D78-B721-4AE9-A2F5-FFBB21D9ABF0}.Debug|Any CPU.Build.0 = Debug|Any CPU
		{A4258D78-B721-4AE9-A2F5-FFBB21D9ABF0}.Release|Any CPU.ActiveCfg = Release|Any CPU
		{A4258D78-B721-4AE9-A2F5-FFBB21D9ABF0}.Release|Any CPU.Build.0 = Release|Any CPU
		{A46CB47B-1561-41F2-AF52-F0E1DC2C886A}.Debug|Any CPU.ActiveCfg = Debug|Any CPU
		{A46CB47B-1561-41F2-AF52-F0E1DC2C886A}.Debug|Any CPU.Build.0 = Debug|Any CPU
		{A46CB47B-1561-41F2-AF52-F0E1DC2C886A}.Release|Any CPU.ActiveCfg = Release|Any CPU
		{A46CB47B-1561-41F2-AF52-F0E1DC2C886A}.Release|Any CPU.Build.0 = Release|Any CPU
	EndGlobalSection
	GlobalSection(SolutionProperties) = preSolution
		HideSolutionNode = FALSE
	EndGlobalSection
	GlobalSection(NestedProjects) = preSolution
		{252BD05D-80E4-4AE9-AE83-98B8D01CA30C} = {A52BD74E-3894-4A6E-8B9A-143A004F07F3}
		{A4258D78-B721-4AE9-A2F5-FFBB21D9ABF0} = {A52BD74E-3894-4A6E-8B9A-143A004F07F3}
		{A46CB47B-1561-41F2-AF52-F0E1DC2C886A} = {A52BD74E-3894-4A6E-8B9A-143A004F07F3}
	EndGlobalSection
	GlobalSection(ExtensibilityGlobals) = postSolution
		SolutionGuid = {1716863C-E9E2-4074-B557-E38CEB3B5C84}
	EndGlobalSection
EndGlobal
