Microsoft Visual Studio Solution File, Format Version 12.00
# Visual Studio 15
VisualStudioVersion = 15.0.27130.2027
MinimumVisualStudioVersion = 10.0.40219.1
Project("{FAE04EC0-301F-11D3-BF4B-00C04F79EFBC}") = "LegacyFrameworkProject", "LegacyFrameworkProject\LegacyFrameworkProject.csproj", "{36ED2B9D-2FC2-4725-9BC2-53CABF113477}"
EndProject
Project("{FAE04EC0-301F-11D3-BF4B-00C04F79EFBC}") = "LegacyFrameworkProjectWithReference", "LegacyFrameworkProjectWithReference\LegacyFrameworkProjectWithReference.csproj", "{D1F5AD80-ADED-4286-8FA4-3A8A6E818D34}"
EndProject
Project("{9A19103F-16F7-4668-BE54-9A1E7A4F7556}") = "SdkNetCoreProject", "SdkNetCoreProject\SdkNetCoreProject.csproj", "{D7B9E66A-287B-475B-BBD0-F4A94DC8121A}"
EndProject
Project("{9A19103F-16F7-4668-BE54-9A1E7A4F7556}") = "SdkNetCoreProjectImport", "SdkNetCoreProjectImport\SdkNetCoreProjectImport.csproj", "{1B6BAC54-921F-4487-B8DA-AE1346030DD1}"
EndProject
Project("{9A19103F-16F7-4668-BE54-9A1E7A4F7556}") = "SdkNetStandardProject", "SdkNetStandardProject\SdkNetStandardProject.csproj", "{016713D9-B665-4272-9980-148801A9B88F}"
EndProject
Project("{9A19103F-16F7-4668-BE54-9A1E7A4F7556}") = "SdkNetStandardProjectImport", "SdkNetStandardProjectImport\SdkNetStandardProjectImport.csproj", "{203CC213-E0F1-4FC0-9EA6-4FFA50CDA629}"
EndProject
Project("{2150E333-8FDC-42A3-9474-1A3956D46DE8}") = "TestEmptySolutionFolder", "TestEmptySolutionFolder", "{2D087EE8-ECCB-41D6-809D-D95B58B37F26}"
EndProject
Project("{9A19103F-16F7-4668-BE54-9A1E7A4F7556}") = "SdkFrameworkProject", "SdkFrameworkProject\SdkFrameworkProject.csproj", "{7D74ABB0-2BF5-48EF-B1AE-A32B722276F6}"
EndProject
Project("{FAE04EC0-301F-11D3-BF4B-00C04F79EFBC}") = "LegacyFrameworkProjectWithPackageReference", "LegacyFrameworkProjectWithPackageReference\LegacyFrameworkProjectWithPackageReference.csproj", "{CD3445E2-A34A-4D87-9E8A-5081CBFA2F86}"
EndProject
Project("{9A19103F-16F7-4668-BE54-9A1E7A4F7556}") = "SdkNetCoreProjectWithImportedProps", "SdkNetCoreProjectWithImportedProps\SdkNetCoreProjectWithImportedProps.csproj", "{A50B19F8-7FAA-4BE9-B292-666B60714F79}"
EndProject
Project("{9A19103F-16F7-4668-BE54-9A1E7A4F7556}") = "SdkMultiTargetingProject", "SdkMultiTargetingProject\SdkMultiTargetingProject.csproj", "{A4B9EAF8-861F-4194-9748-30AB6080ED90}"
EndProject
Project("{9A19103F-16F7-4668-BE54-9A1E7A4F7556}") = "SdkNetStandardProjectWithPackageReference", "SdkNetStandardProjectWithPackageReference\SdkNetStandardProjectWithPackageReference.csproj", "{340391DE-8611-4E04-8EF5-CD5CF546D647}"
EndProject
Project("{9A19103F-16F7-4668-BE54-9A1E7A4F7556}") = "SdkNetCoreProjectWithReference", "SdkNetCoreProjectWithReference\SdkNetCoreProjectWithReference.csproj", "{7B920FD1-84C7-4B87-AA03-F9C558EAC332}"
EndProject
Project("{9A19103F-16F7-4668-BE54-9A1E7A4F7556}") = "SdkNetStandardProjectWithConstants", "SdkNetStandardProjectWithConstants\SdkNetStandardProjectWithConstants.csproj", "{9146E23A-6939-4BDF-9BB1-E0F5E7B97AAE}"
EndProject
Global
	GlobalSection(SolutionConfigurationPlatforms) = preSolution
		Debug|Any CPU = Debug|Any CPU
		Release|Any CPU = Release|Any CPU
	EndGlobalSection
	GlobalSection(ProjectConfigurationPlatforms) = postSolution
		{36ED2B9D-2FC2-4725-9BC2-53CABF113477}.Debug|Any CPU.ActiveCfg = Debug|Any CPU
		{36ED2B9D-2FC2-4725-9BC2-53CABF113477}.Debug|Any CPU.Build.0 = Debug|Any CPU
		{36ED2B9D-2FC2-4725-9BC2-53CABF113477}.Release|Any CPU.ActiveCfg = Release|Any CPU
		{36ED2B9D-2FC2-4725-9BC2-53CABF113477}.Release|Any CPU.Build.0 = Release|Any CPU
		{D1F5AD80-ADED-4286-8FA4-3A8A6E818D34}.Debug|Any CPU.ActiveCfg = Debug|Any CPU
		{D1F5AD80-ADED-4286-8FA4-3A8A6E818D34}.Debug|Any CPU.Build.0 = Debug|Any CPU
		{D1F5AD80-ADED-4286-8FA4-3A8A6E818D34}.Release|Any CPU.ActiveCfg = Release|Any CPU
		{D1F5AD80-ADED-4286-8FA4-3A8A6E818D34}.Release|Any CPU.Build.0 = Release|Any CPU
		{D7B9E66A-287B-475B-BBD0-F4A94DC8121A}.Debug|Any CPU.ActiveCfg = Debug|Any CPU
		{D7B9E66A-287B-475B-BBD0-F4A94DC8121A}.Debug|Any CPU.Build.0 = Debug|Any CPU
		{D7B9E66A-287B-475B-BBD0-F4A94DC8121A}.Release|Any CPU.ActiveCfg = Release|Any CPU
		{D7B9E66A-287B-475B-BBD0-F4A94DC8121A}.Release|Any CPU.Build.0 = Release|Any CPU
		{1B6BAC54-921F-4487-B8DA-AE1346030DD1}.Debug|Any CPU.ActiveCfg = Debug|Any CPU
		{1B6BAC54-921F-4487-B8DA-AE1346030DD1}.Debug|Any CPU.Build.0 = Debug|Any CPU
		{1B6BAC54-921F-4487-B8DA-AE1346030DD1}.Release|Any CPU.ActiveCfg = Release|Any CPU
		{1B6BAC54-921F-4487-B8DA-AE1346030DD1}.Release|Any CPU.Build.0 = Release|Any CPU
		{016713D9-B665-4272-9980-148801A9B88F}.Debug|Any CPU.ActiveCfg = Debug|Any CPU
		{016713D9-B665-4272-9980-148801A9B88F}.Debug|Any CPU.Build.0 = Debug|Any CPU
		{016713D9-B665-4272-9980-148801A9B88F}.Release|Any CPU.ActiveCfg = Release|Any CPU
		{016713D9-B665-4272-9980-148801A9B88F}.Release|Any CPU.Build.0 = Release|Any CPU
		{203CC213-E0F1-4FC0-9EA6-4FFA50CDA629}.Debug|Any CPU.ActiveCfg = Debug|Any CPU
		{203CC213-E0F1-4FC0-9EA6-4FFA50CDA629}.Debug|Any CPU.Build.0 = Debug|Any CPU
		{203CC213-E0F1-4FC0-9EA6-4FFA50CDA629}.Release|Any CPU.ActiveCfg = Release|Any CPU
		{203CC213-E0F1-4FC0-9EA6-4FFA50CDA629}.Release|Any CPU.Build.0 = Release|Any CPU
		{7D74ABB0-2BF5-48EF-B1AE-A32B722276F6}.Debug|Any CPU.ActiveCfg = Debug|Any CPU
		{7D74ABB0-2BF5-48EF-B1AE-A32B722276F6}.Debug|Any CPU.Build.0 = Debug|Any CPU
		{7D74ABB0-2BF5-48EF-B1AE-A32B722276F6}.Release|Any CPU.ActiveCfg = Release|Any CPU
		{7D74ABB0-2BF5-48EF-B1AE-A32B722276F6}.Release|Any CPU.Build.0 = Release|Any CPU
		{CD3445E2-A34A-4D87-9E8A-5081CBFA2F86}.Debug|Any CPU.ActiveCfg = Debug|Any CPU
		{CD3445E2-A34A-4D87-9E8A-5081CBFA2F86}.Debug|Any CPU.Build.0 = Debug|Any CPU
		{CD3445E2-A34A-4D87-9E8A-5081CBFA2F86}.Release|Any CPU.ActiveCfg = Release|Any CPU
		{CD3445E2-A34A-4D87-9E8A-5081CBFA2F86}.Release|Any CPU.Build.0 = Release|Any CPU
		{A50B19F8-7FAA-4BE9-B292-666B60714F79}.Debug|Any CPU.ActiveCfg = Debug|Any CPU
		{A50B19F8-7FAA-4BE9-B292-666B60714F79}.Debug|Any CPU.Build.0 = Debug|Any CPU
		{A50B19F8-7FAA-4BE9-B292-666B60714F79}.Release|Any CPU.ActiveCfg = Release|Any CPU
		{A50B19F8-7FAA-4BE9-B292-666B60714F79}.Release|Any CPU.Build.0 = Release|Any CPU
		{A4B9EAF8-861F-4194-9748-30AB6080ED90}.Debug|Any CPU.ActiveCfg = Debug|Any CPU
		{A4B9EAF8-861F-4194-9748-30AB6080ED90}.Debug|Any CPU.Build.0 = Debug|Any CPU
		{A4B9EAF8-861F-4194-9748-30AB6080ED90}.Release|Any CPU.ActiveCfg = Release|Any CPU
		{A4B9EAF8-861F-4194-9748-30AB6080ED90}.Release|Any CPU.Build.0 = Release|Any CPU
		{340391DE-8611-4E04-8EF5-CD5CF546D647}.Debug|Any CPU.ActiveCfg = Debug|Any CPU
		{340391DE-8611-4E04-8EF5-CD5CF546D647}.Debug|Any CPU.Build.0 = Debug|Any CPU
		{340391DE-8611-4E04-8EF5-CD5CF546D647}.Release|Any CPU.ActiveCfg = Release|Any CPU
		{340391DE-8611-4E04-8EF5-CD5CF546D647}.Release|Any CPU.Build.0 = Release|Any CPU
		{7B920FD1-84C7-4B87-AA03-F9C558EAC332}.Debug|Any CPU.ActiveCfg = Debug|Any CPU
		{7B920FD1-84C7-4B87-AA03-F9C558EAC332}.Debug|Any CPU.Build.0 = Debug|Any CPU
		{7B920FD1-84C7-4B87-AA03-F9C558EAC332}.Release|Any CPU.ActiveCfg = Release|Any CPU
		{7B920FD1-84C7-4B87-AA03-F9C558EAC332}.Release|Any CPU.Build.0 = Release|Any CPU
		{9146E23A-6939-4BDF-9BB1-E0F5E7B97AAE}.Debug|Any CPU.ActiveCfg = Debug|Any CPU
		{9146E23A-6939-4BDF-9BB1-E0F5E7B97AAE}.Debug|Any CPU.Build.0 = Debug|Any CPU
		{9146E23A-6939-4BDF-9BB1-E0F5E7B97AAE}.Release|Any CPU.ActiveCfg = Release|Any CPU
		{9146E23A-6939-4BDF-9BB1-E0F5E7B97AAE}.Release|Any CPU.Build.0 = Release|Any CPU
	EndGlobalSection
	GlobalSection(SolutionProperties) = preSolution
		HideSolutionNode = FALSE
	EndGlobalSection
	GlobalSection(ExtensibilityGlobals) = postSolution
		SolutionGuid = {B7C1B0FB-9BAD-4333-8F3E-E3ABB494C4E5}
	EndGlobalSection
EndGlobal
