Microsoft Visual Studio Solution File, Format Version 12.00
# Visual Studio Version 16
VisualStudioVersion = 16.0.30104.148
MinimumVisualStudioVersion = 10.0.40219.1
Project("{FAE04EC0-301F-11D3-BF4B-00C04F79EFBC}") = "LegacyFrameworkProject", "LegacyFrameworkProject\LegacyFrameworkProject.csproj", "{36ED2B9D-2FC2-4725-9BC2-53CABF113477}"
EndProject
Project("{FAE04EC0-301F-11D3-BF4B-00C04F79EFBC}") = "LegacyFrameworkProjectWithReference", "LegacyFrameworkProjectWithReference\LegacyFrameworkProjectWithReference.csproj", "{D1F5AD80-ADED-4286-8FA4-3A8A6E818D34}"
EndProject
Project("{9A19103F-16F7-4668-BE54-9A1E7A4F7556}") = "SdkNetCore2Project", "SdkNetCore2Project\SdkNetCore2Project.csproj", "{D7B9E66A-287B-475B-BBD0-F4A94DC8121A}"
EndProject
Project("{9A19103F-16F7-4668-BE54-9A1E7A4F7556}") = "SdkNetCore2ProjectImport", "SdkNetCore2ProjectImport\SdkNetCore2ProjectImport.csproj", "{1B6BAC54-921F-4487-B8DA-AE1346030DD1}"
EndProject
Project("{9A19103F-16F7-4668-BE54-9A1E7A4F7556}") = "SdkNetStandardProject", "SdkNetStandardProject\SdkNetStandardProject.csproj", "{016713D9-B665-4272-9980-148801A9B88F}"
EndProject
Project("{9A19103F-16F7-4668-BE54-9A1E7A4F7556}") = "SdkNetStandardProjectImport", "SdkNetStandardProjectImport\SdkNetStandardProjectImport.csproj", "{203CC213-E0F1-4FC0-9EA6-4FFA50CDA629}"
EndProject
Project("{2150E333-8FDC-42A3-9474-1A3956D46DE8}") = "TestEmptySolutionFolder", "TestEmptySolutionFolder", "{2D087EE8-ECCB-41D6-809D-D95B58B37F26}"
EndProject
Project("{9A19103F-16F7-4668-BE54-9A1E7A4F7556}") = "SdkFrameworkProject", "SdkFrameworkProject\SdkFrameworkProject.csproj", "{7D74ABB0-2BF5-48EF-B1AE-A32B722276F6}"
EndProject
Project("{FAE04EC0-301F-11D3-BF4B-00C04F79EFBC}") = "LegacyFrameworkProjectWithPackageReference", "LegacyFrameworkProjectWithPackageReference\LegacyFrameworkProjectWithPackageReference.csproj", "{CD3445E2-A34A-4D87-9E8A-5081CBFA2F86}"
EndProject
Project("{9A19103F-16F7-4668-BE54-9A1E7A4F7556}") = "SdkNetCore2ProjectWithImportedProps", "SdkNetCore2ProjectWithImportedProps\SdkNetCore2ProjectWithImportedProps.csproj", "{A50B19F8-7FAA-4BE9-B292-666B60714F79}"
EndProject
Project("{9A19103F-16F7-4668-BE54-9A1E7A4F7556}") = "SdkMultiTargetingProject", "SdkMultiTargetingProject\SdkMultiTargetingProject.csproj", "{A4B9EAF8-861F-4194-9748-30AB6080ED90}"
EndProject
Project("{9A19103F-16F7-4668-BE54-9A1E7A4F7556}") = "SdkNetStandardProjectWithPackageReference", "SdkNetStandardProjectWithPackageReference\SdkNetStandardProjectWithPackageReference.csproj", "{340391DE-8611-4E04-8EF5-CD5CF546D647}"
EndProject
Project("{9A19103F-16F7-4668-BE54-9A1E7A4F7556}") = "SdkNetCore2ProjectWithReference", "SdkNetCore2ProjectWithReference\SdkNetCore2ProjectWithReference.csproj", "{7B920FD1-84C7-4B87-AA03-F9C558EAC332}"
EndProject
Project("{9A19103F-16F7-4668-BE54-9A1E7A4F7556}") = "SdkNetStandardProjectWithConstants", "SdkNetStandardProjectWithConstants\SdkNetStandardProjectWithConstants.csproj", "{9146E23A-6939-4BDF-9BB1-E0F5E7B97AAE}"
EndProject
Project("{9A19103F-16F7-4668-BE54-9A1E7A4F7556}") = "SdkNetCore31Project", "SdkNetCore31Project\SdkNetCore31Project.csproj", "{B232D064-749F-4AA3-A70A-692694887388}"
EndProject
Project("{FAE04EC0-301F-11D3-BF4B-00C04F79EFBC}") = "WpfCustomControlLibrary1", "WpfCustomControlLibrary1\WpfCustomControlLibrary1.csproj", "{AED0D0E7-7312-49A9-A439-083F34286286}"
EndProject
Project("{6EC3EE1D-3C4E-46DD-8F32-0CC8E7565705}") = "FSharpProject", "FSharpProject\FSharpProject.fsproj", "{E35A6E4B-9E1F-495B-A61D-9285AE8A8777}"
EndProject
Project("{9A19103F-16F7-4668-BE54-9A1E7A4F7556}") = "SdkNetCore2ProjectWithAnalyzer", "SdkNetCore2ProjectWithAnalyzer\SdkNetCore2ProjectWithAnalyzer.csproj", "{3A1FE1AA-5C24-409F-94D1-3D387F0E26DB}"
EndProject
Project("{9A19103F-16F7-4668-BE54-9A1E7A4F7556}") = "TransitiveProjectReference", "TransitiveProjectReference\TransitiveProjectReference.csproj", "{786A9A41-7629-4457-BC9D-67AC055533A0}"
EndProject
Project("{9A19103F-16F7-4668-BE54-9A1E7A4F7556}") = "SdkNet5Project", "SdkNet5Project\SdkNet5Project.csproj", "{8620AAAE-7C03-442E-B3E8-06001641B972}"
EndProject
Project("{9A19103F-16F7-4668-BE54-9A1E7A4F7556}") = "SdkNet6Project", "SdkNet6Project\SdkNet6Project.csproj", "{54D4DF7E-CD98-4F46-961A-A006C5C1D03C}"
EndProject
Project("{FAE04EC0-301F-11D3-BF4B-00C04F79EFBC}") = "SdkNet6ImplicitUsings", "SdkNet6ImplicitUsings\SdkNet6ImplicitUsings.csproj", "{C23BF110-6A62-49A3-AB6C-7F989A35EDB2}"
EndProject
Project("{FAE04EC0-301F-11D3-BF4B-00C04F79EFBC}") = "SdkNet6Exe", "SdkNet6Exe\SdkNet6Exe.csproj", "{0D53D7EE-69AC-4F2D-8873-7452AD50E049}"
EndProject
Project("{FAE04EC0-301F-11D3-BF4B-00C04F79EFBC}") = "SdkNet6SelfContained", "SdkNet6SelfContained\SdkNet6SelfContained.csproj", "{8475DB07-19EC-4BFC-8664-975C4A996BC0}"
EndProject
Global
	GlobalSection(SolutionConfigurationPlatforms) = preSolution
		Debug|Any CPU = Debug|Any CPU
		Release|Any CPU = Release|Any CPU
	EndGlobalSection
	GlobalSection(ProjectConfigurationPlatforms) = postSolution
		{36ED2B9D-2FC2-4725-9BC2-53CABF113477}.Debug|Any CPU.ActiveCfg = Debug|Any CPU
		{36ED2B9D-2FC2-4725-9BC2-53CABF113477}.Debug|Any CPU.Build.0 = Debug|Any CPU
		{36ED2B9D-2FC2-4725-9BC2-53CABF113477}.Release|Any CPU.ActiveCfg = Release|Any CPU
		{36ED2B9D-2FC2-4725-9BC2-53CABF113477}.Release|Any CPU.Build.0 = Release|Any CPU
		{D1F5AD80-ADED-4286-8FA4-3A8A6E818D34}.Debug|Any CPU.ActiveCfg = Debug|Any CPU
		{D1F5AD80-ADED-4286-8FA4-3A8A6E818D34}.Debug|Any CPU.Build.0 = Debug|Any CPU
		{D1F5AD80-ADED-4286-8FA4-3A8A6E818D34}.Release|Any CPU.ActiveCfg = Release|Any CPU
		{D1F5AD80-ADED-4286-8FA4-3A8A6E818D34}.Release|Any CPU.Build.0 = Release|Any CPU
		{D7B9E66A-287B-475B-BBD0-F4A94DC8121A}.Debug|Any CPU.ActiveCfg = Debug|Any CPU
		{D7B9E66A-287B-475B-BBD0-F4A94DC8121A}.Debug|Any CPU.Build.0 = Debug|Any CPU
		{D7B9E66A-287B-475B-BBD0-F4A94DC8121A}.Release|Any CPU.ActiveCfg = Release|Any CPU
		{D7B9E66A-287B-475B-BBD0-F4A94DC8121A}.Release|Any CPU.Build.0 = Release|Any CPU
		{1B6BAC54-921F-4487-B8DA-AE1346030DD1}.Debug|Any CPU.ActiveCfg = Debug|Any CPU
		{1B6BAC54-921F-4487-B8DA-AE1346030DD1}.Debug|Any CPU.Build.0 = Debug|Any CPU
		{1B6BAC54-921F-4487-B8DA-AE1346030DD1}.Release|Any CPU.ActiveCfg = Release|Any CPU
		{1B6BAC54-921F-4487-B8DA-AE1346030DD1}.Release|Any CPU.Build.0 = Release|Any CPU
		{016713D9-B665-4272-9980-148801A9B88F}.Debug|Any CPU.ActiveCfg = Debug|Any CPU
		{016713D9-B665-4272-9980-148801A9B88F}.Debug|Any CPU.Build.0 = Debug|Any CPU
		{016713D9-B665-4272-9980-148801A9B88F}.Release|Any CPU.ActiveCfg = Release|Any CPU
		{016713D9-B665-4272-9980-148801A9B88F}.Release|Any CPU.Build.0 = Release|Any CPU
		{203CC213-E0F1-4FC0-9EA6-4FFA50CDA629}.Debug|Any CPU.ActiveCfg = Debug|Any CPU
		{203CC213-E0F1-4FC0-9EA6-4FFA50CDA629}.Debug|Any CPU.Build.0 = Debug|Any CPU
		{203CC213-E0F1-4FC0-9EA6-4FFA50CDA629}.Release|Any CPU.ActiveCfg = Release|Any CPU
		{203CC213-E0F1-4FC0-9EA6-4FFA50CDA629}.Release|Any CPU.Build.0 = Release|Any CPU
		{7D74ABB0-2BF5-48EF-B1AE-A32B722276F6}.Debug|Any CPU.ActiveCfg = Debug|Any CPU
		{7D74ABB0-2BF5-48EF-B1AE-A32B722276F6}.Debug|Any CPU.Build.0 = Debug|Any CPU
		{7D74ABB0-2BF5-48EF-B1AE-A32B722276F6}.Release|Any CPU.ActiveCfg = Release|Any CPU
		{7D74ABB0-2BF5-48EF-B1AE-A32B722276F6}.Release|Any CPU.Build.0 = Release|Any CPU
		{CD3445E2-A34A-4D87-9E8A-5081CBFA2F86}.Debug|Any CPU.ActiveCfg = Debug|Any CPU
		{CD3445E2-A34A-4D87-9E8A-5081CBFA2F86}.Debug|Any CPU.Build.0 = Debug|Any CPU
		{CD3445E2-A34A-4D87-9E8A-5081CBFA2F86}.Release|Any CPU.ActiveCfg = Release|Any CPU
		{CD3445E2-A34A-4D87-9E8A-5081CBFA2F86}.Release|Any CPU.Build.0 = Release|Any CPU
		{A50B19F8-7FAA-4BE9-B292-666B60714F79}.Debug|Any CPU.ActiveCfg = Debug|Any CPU
		{A50B19F8-7FAA-4BE9-B292-666B60714F79}.Debug|Any CPU.Build.0 = Debug|Any CPU
		{A50B19F8-7FAA-4BE9-B292-666B60714F79}.Release|Any CPU.ActiveCfg = Release|Any CPU
		{A50B19F8-7FAA-4BE9-B292-666B60714F79}.Release|Any CPU.Build.0 = Release|Any CPU
		{A4B9EAF8-861F-4194-9748-30AB6080ED90}.Debug|Any CPU.ActiveCfg = Debug|Any CPU
		{A4B9EAF8-861F-4194-9748-30AB6080ED90}.Debug|Any CPU.Build.0 = Debug|Any CPU
		{A4B9EAF8-861F-4194-9748-30AB6080ED90}.Release|Any CPU.ActiveCfg = Release|Any CPU
		{A4B9EAF8-861F-4194-9748-30AB6080ED90}.Release|Any CPU.Build.0 = Release|Any CPU
		{340391DE-8611-4E04-8EF5-CD5CF546D647}.Debug|Any CPU.ActiveCfg = Debug|Any CPU
		{340391DE-8611-4E04-8EF5-CD5CF546D647}.Debug|Any CPU.Build.0 = Debug|Any CPU
		{340391DE-8611-4E04-8EF5-CD5CF546D647}.Release|Any CPU.ActiveCfg = Release|Any CPU
		{340391DE-8611-4E04-8EF5-CD5CF546D647}.Release|Any CPU.Build.0 = Release|Any CPU
		{7B920FD1-84C7-4B87-AA03-F9C558EAC332}.Debug|Any CPU.ActiveCfg = Debug|Any CPU
		{7B920FD1-84C7-4B87-AA03-F9C558EAC332}.Debug|Any CPU.Build.0 = Debug|Any CPU
		{7B920FD1-84C7-4B87-AA03-F9C558EAC332}.Release|Any CPU.ActiveCfg = Release|Any CPU
		{7B920FD1-84C7-4B87-AA03-F9C558EAC332}.Release|Any CPU.Build.0 = Release|Any CPU
		{9146E23A-6939-4BDF-9BB1-E0F5E7B97AAE}.Debug|Any CPU.ActiveCfg = Debug|Any CPU
		{9146E23A-6939-4BDF-9BB1-E0F5E7B97AAE}.Debug|Any CPU.Build.0 = Debug|Any CPU
		{9146E23A-6939-4BDF-9BB1-E0F5E7B97AAE}.Release|Any CPU.ActiveCfg = Release|Any CPU
		{9146E23A-6939-4BDF-9BB1-E0F5E7B97AAE}.Release|Any CPU.Build.0 = Release|Any CPU
		{B232D064-749F-4AA3-A70A-692694887388}.Debug|Any CPU.ActiveCfg = Debug|Any CPU
		{B232D064-749F-4AA3-A70A-692694887388}.Debug|Any CPU.Build.0 = Debug|Any CPU
		{B232D064-749F-4AA3-A70A-692694887388}.Release|Any CPU.ActiveCfg = Release|Any CPU
		{B232D064-749F-4AA3-A70A-692694887388}.Release|Any CPU.Build.0 = Release|Any CPU
		{AED0D0E7-7312-49A9-A439-083F34286286}.Debug|Any CPU.ActiveCfg = Debug|Any CPU
		{AED0D0E7-7312-49A9-A439-083F34286286}.Debug|Any CPU.Build.0 = Debug|Any CPU
		{AED0D0E7-7312-49A9-A439-083F34286286}.Release|Any CPU.ActiveCfg = Release|Any CPU
		{AED0D0E7-7312-49A9-A439-083F34286286}.Release|Any CPU.Build.0 = Release|Any CPU
		{E35A6E4B-9E1F-495B-A61D-9285AE8A8777}.Debug|Any CPU.ActiveCfg = Debug|Any CPU
		{E35A6E4B-9E1F-495B-A61D-9285AE8A8777}.Debug|Any CPU.Build.0 = Debug|Any CPU
		{E35A6E4B-9E1F-495B-A61D-9285AE8A8777}.Release|Any CPU.ActiveCfg = Release|Any CPU
		{E35A6E4B-9E1F-495B-A61D-9285AE8A8777}.Release|Any CPU.Build.0 = Release|Any CPU
		{3A1FE1AA-5C24-409F-94D1-3D387F0E26DB}.Debug|Any CPU.ActiveCfg = Debug|Any CPU
		{3A1FE1AA-5C24-409F-94D1-3D387F0E26DB}.Debug|Any CPU.Build.0 = Debug|Any CPU
		{3A1FE1AA-5C24-409F-94D1-3D387F0E26DB}.Release|Any CPU.ActiveCfg = Release|Any CPU
		{3A1FE1AA-5C24-409F-94D1-3D387F0E26DB}.Release|Any CPU.Build.0 = Release|Any CPU
		{786A9A41-7629-4457-BC9D-67AC055533A0}.Debug|Any CPU.ActiveCfg = Debug|Any CPU
		{786A9A41-7629-4457-BC9D-67AC055533A0}.Debug|Any CPU.Build.0 = Debug|Any CPU
		{786A9A41-7629-4457-BC9D-67AC055533A0}.Release|Any CPU.ActiveCfg = Release|Any CPU
		{786A9A41-7629-4457-BC9D-67AC055533A0}.Release|Any CPU.Build.0 = Release|Any CPU
		{8620AAAE-7C03-442E-B3E8-06001641B972}.Debug|Any CPU.ActiveCfg = Debug|Any CPU
		{8620AAAE-7C03-442E-B3E8-06001641B972}.Debug|Any CPU.Build.0 = Debug|Any CPU
		{8620AAAE-7C03-442E-B3E8-06001641B972}.Release|Any CPU.ActiveCfg = Release|Any CPU
		{8620AAAE-7C03-442E-B3E8-06001641B972}.Release|Any CPU.Build.0 = Release|Any CPU
		{54D4DF7E-CD98-4F46-961A-A006C5C1D03C}.Debug|Any CPU.ActiveCfg = Debug|Any CPU
		{54D4DF7E-CD98-4F46-961A-A006C5C1D03C}.Debug|Any CPU.Build.0 = Debug|Any CPU
		{54D4DF7E-CD98-4F46-961A-A006C5C1D03C}.Release|Any CPU.ActiveCfg = Release|Any CPU
		{54D4DF7E-CD98-4F46-961A-A006C5C1D03C}.Release|Any CPU.Build.0 = Release|Any CPU
		{C23BF110-6A62-49A3-AB6C-7F989A35EDB2}.Debug|Any CPU.ActiveCfg = Debug|Any CPU
		{C23BF110-6A62-49A3-AB6C-7F989A35EDB2}.Debug|Any CPU.Build.0 = Debug|Any CPU
		{C23BF110-6A62-49A3-AB6C-7F989A35EDB2}.Release|Any CPU.ActiveCfg = Release|Any CPU
		{C23BF110-6A62-49A3-AB6C-7F989A35EDB2}.Release|Any CPU.Build.0 = Release|Any CPU
		{0D53D7EE-69AC-4F2D-8873-7452AD50E049}.Debug|Any CPU.ActiveCfg = Debug|Any CPU
		{0D53D7EE-69AC-4F2D-8873-7452AD50E049}.Debug|Any CPU.Build.0 = Debug|Any CPU
		{0D53D7EE-69AC-4F2D-8873-7452AD50E049}.Release|Any CPU.ActiveCfg = Release|Any CPU
		{0D53D7EE-69AC-4F2D-8873-7452AD50E049}.Release|Any CPU.Build.0 = Release|Any CPU
		{8475DB07-19EC-4BFC-8664-975C4A996BC0}.Debug|Any CPU.ActiveCfg = Debug|Any CPU
		{8475DB07-19EC-4BFC-8664-975C4A996BC0}.Debug|Any CPU.Build.0 = Debug|Any CPU
		{8475DB07-19EC-4BFC-8664-975C4A996BC0}.Release|Any CPU.ActiveCfg = Release|Any CPU
		{8475DB07-19EC-4BFC-8664-975C4A996BC0}.Release|Any CPU.Build.0 = Release|Any CPU
	EndGlobalSection
	GlobalSection(SolutionProperties) = preSolution
		HideSolutionNode = FALSE
	EndGlobalSection
	GlobalSection(ExtensibilityGlobals) = postSolution
		SolutionGuid = {B7C1B0FB-9BAD-4333-8F3E-E3ABB494C4E5}
	EndGlobalSection
EndGlobal
