
Microsoft Visual Studio Solution File, Format Version 12.00
# Visual Studio 15
VisualStudioVersion = 15.0.26124.0
MinimumVisualStudioVersion = 15.0.26124.0
Project("{FAE04EC0-301F-11D3-BF4B-00C04F79EFBC}") = "Project0", "Project0\Project0.csproj", "{968E9E40-01CA-4779-A4AD-902BCAF71AFF}"
EndProject
Project("{FAE04EC0-301F-11D3-BF4B-00C04F79EFBC}") = "Project1", "Project1\Project1.csproj", "{ECE7333A-9121-4D6B-AC76-97F054F585FB}"
EndProject
Project("{FAE04EC0-301F-11D3-BF4B-00C04F79EFBC}") = "Project2", "Project2\Project2.csproj", "{84714A0B-13FF-42D9-AA84-F8CFF9717449}"
EndProject
Project("{FAE04EC0-301F-11D3-BF4B-00C04F79EFBC}") = "Project3", "Project3\Project3.csproj", "{31BA568C-A33F-40D0-9DA1-2E19D95AEB63}"
EndProject
Project("{FAE04EC0-301F-11D3-BF4B-00C04F79EFBC}") = "Project4", "Project4\Project4.csproj", "{D8939727-9C9E-4481-A919-588E57CD3F26}"
EndProject
Project("{FAE04EC0-301F-11D3-BF4B-00C04F79EFBC}") = "Project5", "Project5\Project5.csproj", "{CB5C82C3-0485-4ED7-AB18-02BA2C26D2C1}"
EndProject
Project("{FAE04EC0-301F-11D3-BF4B-00C04F79EFBC}") = "Project6", "Project6\Project6.csproj", "{E9792085-CDA6-4333-AEDC-68C78A56282D}"
EndProject
Project("{FAE04EC0-301F-11D3-BF4B-00C04F79EFBC}") = "Project7", "Project7\Project7.csproj", "{1E412459-0EA8-4307-9260-9766FDD328E6}"
EndProject
Project("{FAE04EC0-301F-11D3-BF4B-00C04F79EFBC}") = "Project8", "Project8\Project8.csproj", "{888B5518-1394-4591-AF93-D33F006D1DB4}"
EndProject
Project("{FAE04EC0-301F-11D3-BF4B-00C04F79EFBC}") = "Project9", "Project9\Project9.csproj", "{2E3AB30B-10D9-4DB0-A453-7D59B917FD94}"
EndProject
Project("{FAE04EC0-301F-11D3-BF4B-00C04F79EFBC}") = "Project10", "Project10\Project10.csproj", "{09A64099-D9BB-4CFF-A5BF-4B38BFB281FD}"
EndProject
Project("{FAE04EC0-301F-11D3-BF4B-00C04F79EFBC}") = "Project11", "Project11\Project11.csproj", "{64D31B2C-FF30-4E6E-A19C-C859C4502C59}"
EndProject
Project("{FAE04EC0-301F-11D3-BF4B-00C04F79EFBC}") = "Project12", "Project12\Project12.csproj", "{78394D4C-603D-47DC-8FB8-685310EBBFD5}"
EndProject
Project("{FAE04EC0-301F-11D3-BF4B-00C04F79EFBC}") = "Project13", "Project13\Project13.csproj", "{0F6A73A2-9BC3-4B06-941F-F1B58389AD26}"
EndProject
Project("{FAE04EC0-301F-11D3-BF4B-00C04F79EFBC}") = "Project14", "Project14\Project14.csproj", "{9D8ED5A9-B2CD-4DE8-BE67-9E4FDD1E31CD}"
EndProject
Project("{FAE04EC0-301F-11D3-BF4B-00C04F79EFBC}") = "Project15", "Project15\Project15.csproj", "{9702D19F-20BD-4275-B73E-5242A10968EC}"
EndProject
Project("{FAE04EC0-301F-11D3-BF4B-00C04F79EFBC}") = "Project16", "Project16\Project16.csproj", "{377110C3-0C0D-4FB3-A0E6-9B927BAA6F20}"
EndProject
Project("{FAE04EC0-301F-11D3-BF4B-00C04F79EFBC}") = "Project17", "Project17\Project17.csproj", "{86A68595-1D3F-4C90-9B92-7C0A284D76FF}"
EndProject
Project("{FAE04EC0-301F-11D3-BF4B-00C04F79EFBC}") = "Project18", "Project18\Project18.csproj", "{FAFF0E72-9E41-45F2-A9BA-E2F8235118BE}"
EndProject
Project("{FAE04EC0-301F-11D3-BF4B-00C04F79EFBC}") = "Project19", "Project19\Project19.csproj", "{003F97AB-F50C-467F-BD7C-0E5C50EBE4CB}"
EndProject
Project("{FAE04EC0-301F-11D3-BF4B-00C04F79EFBC}") = "Project20", "Project20\Project20.csproj", "{4679C179-8C77-4BC3-B8E5-7BABAF174924}"
EndProject
Project("{FAE04EC0-301F-11D3-BF4B-00C04F79EFBC}") = "Project21", "Project21\Project21.csproj", "{DAF7F093-29FC-4B03-932E-D35A3C4E92D3}"
EndProject
Project("{FAE04EC0-301F-11D3-BF4B-00C04F79EFBC}") = "Project22", "Project22\Project22.csproj", "{93971750-F261-49A3-927B-276E2D1CEE10}"
EndProject
Project("{FAE04EC0-301F-11D3-BF4B-00C04F79EFBC}") = "Project23", "Project23\Project23.csproj", "{315E9912-5F92-40FB-BD7B-F534D69A1B50}"
EndProject
Project("{FAE04EC0-301F-11D3-BF4B-00C04F79EFBC}") = "Project24", "Project24\Project24.csproj", "{08B7D27C-4351-4B97-BDB0-CFD7055BC1B9}"
EndProject
Project("{FAE04EC0-301F-11D3-BF4B-00C04F79EFBC}") = "Project25", "Project25\Project25.csproj", "{530B02E1-F935-4A09-AA5D-FA89364FE62B}"
EndProject
Project("{FAE04EC0-301F-11D3-BF4B-00C04F79EFBC}") = "Project26", "Project26\Project26.csproj", "{BEE36DD0-4EAC-4C62-8A5F-2F4362E2E12F}"
EndProject
Project("{FAE04EC0-301F-11D3-BF4B-00C04F79EFBC}") = "Project27", "Project27\Project27.csproj", "{B58D9B4F-AFC6-489D-86B4-8D229CC2A346}"
EndProject
Project("{FAE04EC0-301F-11D3-BF4B-00C04F79EFBC}") = "Project28", "Project28\Project28.csproj", "{05B9C83D-DEB6-4F33-BE1C-DB842470E391}"
EndProject
Project("{FAE04EC0-301F-11D3-BF4B-00C04F79EFBC}") = "Project29", "Project29\Project29.csproj", "{C634D682-4C03-4717-A134-C595BA5900D1}"
EndProject
Project("{FAE04EC0-301F-11D3-BF4B-00C04F79EFBC}") = "Project30", "Project30\Project30.csproj", "{DC2F5EB0-2441-4AFF-AA28-7A4151D196D8}"
EndProject
Project("{FAE04EC0-301F-11D3-BF4B-00C04F79EFBC}") = "Project31", "Project31\Project31.csproj", "{3A970C80-CF55-4A9E-9423-B53DA31C3D1B}"
EndProject
Project("{FAE04EC0-301F-11D3-BF4B-00C04F79EFBC}") = "Project32", "Project32\Project32.csproj", "{14300D1D-699F-472C-8506-6F1BC7E3E1BC}"
EndProject
Project("{FAE04EC0-301F-11D3-BF4B-00C04F79EFBC}") = "Project33", "Project33\Project33.csproj", "{53CFDD20-29A3-49A3-9890-0E8385BFAE36}"
EndProject
Project("{FAE04EC0-301F-11D3-BF4B-00C04F79EFBC}") = "Project34", "Project34\Project34.csproj", "{040E73B3-1065-4F0F-B958-6D5C80430CFE}"
EndProject
Project("{FAE04EC0-301F-11D3-BF4B-00C04F79EFBC}") = "Project35", "Project35\Project35.csproj", "{A459188B-2DBB-4906-BF8C-312716385B5B}"
EndProject
Project("{FAE04EC0-301F-11D3-BF4B-00C04F79EFBC}") = "Project36", "Project36\Project36.csproj", "{98E59A32-7669-4CB3-9A1C-F91C58D2E365}"
EndProject
Project("{FAE04EC0-301F-11D3-BF4B-00C04F79EFBC}") = "Project37", "Project37\Project37.csproj", "{032EE93F-9115-424C-BC1D-497FA4044977}"
EndProject
Project("{FAE04EC0-301F-11D3-BF4B-00C04F79EFBC}") = "Project38", "Project38\Project38.csproj", "{0D51BF7E-DA9F-4805-88CC-CF430151C41C}"
EndProject
Project("{FAE04EC0-301F-11D3-BF4B-00C04F79EFBC}") = "Project39", "Project39\Project39.csproj", "{E092E3E6-8E86-4709-818D-59F6730640B7}"
EndProject
Project("{FAE04EC0-301F-11D3-BF4B-00C04F79EFBC}") = "Project40", "Project40\Project40.csproj", "{0B62D403-4465-42D5-B6EF-8CD1DBDC1980}"
EndProject
Project("{FAE04EC0-301F-11D3-BF4B-00C04F79EFBC}") = "Project41", "Project41\Project41.csproj", "{4B121BAE-D94A-4A2D-AFA0-36D171ADE1CB}"
EndProject
Project("{FAE04EC0-301F-11D3-BF4B-00C04F79EFBC}") = "Project42", "Project42\Project42.csproj", "{6278760E-A81C-4057-82F3-DF1D9108EABD}"
EndProject
Project("{FAE04EC0-301F-11D3-BF4B-00C04F79EFBC}") = "Project43", "Project43\Project43.csproj", "{B33FCBEB-715E-4007-BF49-550CE5531C06}"
EndProject
Project("{FAE04EC0-301F-11D3-BF4B-00C04F79EFBC}") = "Project44", "Project44\Project44.csproj", "{BA4AAE58-0025-4734-AAC6-866C293D3A3B}"
EndProject
Project("{FAE04EC0-301F-11D3-BF4B-00C04F79EFBC}") = "Project45", "Project45\Project45.csproj", "{693A7E09-CD29-4D07-A2D4-8033CCEB6E7A}"
EndProject
Project("{FAE04EC0-301F-11D3-BF4B-00C04F79EFBC}") = "Project46", "Project46\Project46.csproj", "{1DF2136A-6390-47AF-9196-0ED2A29548A8}"
EndProject
Project("{FAE04EC0-301F-11D3-BF4B-00C04F79EFBC}") = "Project47", "Project47\Project47.csproj", "{923E800B-54D9-4C29-A74C-51DC5D1E6D2E}"
EndProject
Project("{FAE04EC0-301F-11D3-BF4B-00C04F79EFBC}") = "Project48", "Project48\Project48.csproj", "{5FF2BC51-2AB7-4ACB-8759-6364385798F6}"
EndProject
Project("{FAE04EC0-301F-11D3-BF4B-00C04F79EFBC}") = "Project49", "Project49\Project49.csproj", "{E8859C1A-5E57-450F-A6D3-7BA977DFB135}"
EndProject
Global
	GlobalSection(SolutionConfigurationPlatforms) = preSolution
		Debug|Any CPU = Debug|Any CPU
		Debug|x64 = Debug|x64
		Debug|x86 = Debug|x86
		Release|Any CPU = Release|Any CPU
		Release|x64 = Release|x64
		Release|x86 = Release|x86
	EndGlobalSection
	GlobalSection(SolutionProperties) = preSolution
		HideSolutionNode = FALSE
	EndGlobalSection
	GlobalSection(ProjectConfigurationPlatforms) = postSolution
		{968E9E40-01CA-4779-A4AD-902BCAF71AFF}.Debug|Any CPU.ActiveCfg = Debug|Any CPU
		{968E9E40-01CA-4779-A4AD-902BCAF71AFF}.Debug|Any CPU.Build.0 = Debug|Any CPU
		{968E9E40-01CA-4779-A4AD-902BCAF71AFF}.Debug|x64.ActiveCfg = Debug|Any CPU
		{968E9E40-01CA-4779-A4AD-902BCAF71AFF}.Debug|x64.Build.0 = Debug|Any CPU
		{968E9E40-01CA-4779-A4AD-902BCAF71AFF}.Debug|x86.ActiveCfg = Debug|Any CPU
		{968E9E40-01CA-4779-A4AD-902BCAF71AFF}.Debug|x86.Build.0 = Debug|Any CPU
		{968E9E40-01CA-4779-A4AD-902BCAF71AFF}.Release|Any CPU.ActiveCfg = Release|Any CPU
		{968E9E40-01CA-4779-A4AD-902BCAF71AFF}.Release|Any CPU.Build.0 = Release|Any CPU
		{968E9E40-01CA-4779-A4AD-902BCAF71AFF}.Release|x64.ActiveCfg = Release|Any CPU
		{968E9E40-01CA-4779-A4AD-902BCAF71AFF}.Release|x64.Build.0 = Release|Any CPU
		{968E9E40-01CA-4779-A4AD-902BCAF71AFF}.Release|x86.ActiveCfg = Release|Any CPU
		{968E9E40-01CA-4779-A4AD-902BCAF71AFF}.Release|x86.Build.0 = Release|Any CPU
		{ECE7333A-9121-4D6B-AC76-97F054F585FB}.Debug|Any CPU.ActiveCfg = Debug|Any CPU
		{ECE7333A-9121-4D6B-AC76-97F054F585FB}.Debug|Any CPU.Build.0 = Debug|Any CPU
		{ECE7333A-9121-4D6B-AC76-97F054F585FB}.Debug|x64.ActiveCfg = Debug|Any CPU
		{ECE7333A-9121-4D6B-AC76-97F054F585FB}.Debug|x64.Build.0 = Debug|Any CPU
		{ECE7333A-9121-4D6B-AC76-97F054F585FB}.Debug|x86.ActiveCfg = Debug|Any CPU
		{ECE7333A-9121-4D6B-AC76-97F054F585FB}.Debug|x86.Build.0 = Debug|Any CPU
		{ECE7333A-9121-4D6B-AC76-97F054F585FB}.Release|Any CPU.ActiveCfg = Release|Any CPU
		{ECE7333A-9121-4D6B-AC76-97F054F585FB}.Release|Any CPU.Build.0 = Release|Any CPU
		{ECE7333A-9121-4D6B-AC76-97F054F585FB}.Release|x64.ActiveCfg = Release|Any CPU
		{ECE7333A-9121-4D6B-AC76-97F054F585FB}.Release|x64.Build.0 = Release|Any CPU
		{ECE7333A-9121-4D6B-AC76-97F054F585FB}.Release|x86.ActiveCfg = Release|Any CPU
		{ECE7333A-9121-4D6B-AC76-97F054F585FB}.Release|x86.Build.0 = Release|Any CPU
		{84714A0B-13FF-42D9-AA84-F8CFF9717449}.Debug|Any CPU.ActiveCfg = Debug|Any CPU
		{84714A0B-13FF-42D9-AA84-F8CFF9717449}.Debug|Any CPU.Build.0 = Debug|Any CPU
		{84714A0B-13FF-42D9-AA84-F8CFF9717449}.Debug|x64.ActiveCfg = Debug|Any CPU
		{84714A0B-13FF-42D9-AA84-F8CFF9717449}.Debug|x64.Build.0 = Debug|Any CPU
		{84714A0B-13FF-42D9-AA84-F8CFF9717449}.Debug|x86.ActiveCfg = Debug|Any CPU
		{84714A0B-13FF-42D9-AA84-F8CFF9717449}.Debug|x86.Build.0 = Debug|Any CPU
		{84714A0B-13FF-42D9-AA84-F8CFF9717449}.Release|Any CPU.ActiveCfg = Release|Any CPU
		{84714A0B-13FF-42D9-AA84-F8CFF9717449}.Release|Any CPU.Build.0 = Release|Any CPU
		{84714A0B-13FF-42D9-AA84-F8CFF9717449}.Release|x64.ActiveCfg = Release|Any CPU
		{84714A0B-13FF-42D9-AA84-F8CFF9717449}.Release|x64.Build.0 = Release|Any CPU
		{84714A0B-13FF-42D9-AA84-F8CFF9717449}.Release|x86.ActiveCfg = Release|Any CPU
		{84714A0B-13FF-42D9-AA84-F8CFF9717449}.Release|x86.Build.0 = Release|Any CPU
		{31BA568C-A33F-40D0-9DA1-2E19D95AEB63}.Debug|Any CPU.ActiveCfg = Debug|Any CPU
		{31BA568C-A33F-40D0-9DA1-2E19D95AEB63}.Debug|Any CPU.Build.0 = Debug|Any CPU
		{31BA568C-A33F-40D0-9DA1-2E19D95AEB63}.Debug|x64.ActiveCfg = Debug|Any CPU
		{31BA568C-A33F-40D0-9DA1-2E19D95AEB63}.Debug|x64.Build.0 = Debug|Any CPU
		{31BA568C-A33F-40D0-9DA1-2E19D95AEB63}.Debug|x86.ActiveCfg = Debug|Any CPU
		{31BA568C-A33F-40D0-9DA1-2E19D95AEB63}.Debug|x86.Build.0 = Debug|Any CPU
		{31BA568C-A33F-40D0-9DA1-2E19D95AEB63}.Release|Any CPU.ActiveCfg = Release|Any CPU
		{31BA568C-A33F-40D0-9DA1-2E19D95AEB63}.Release|Any CPU.Build.0 = Release|Any CPU
		{31BA568C-A33F-40D0-9DA1-2E19D95AEB63}.Release|x64.ActiveCfg = Release|Any CPU
		{31BA568C-A33F-40D0-9DA1-2E19D95AEB63}.Release|x64.Build.0 = Release|Any CPU
		{31BA568C-A33F-40D0-9DA1-2E19D95AEB63}.Release|x86.ActiveCfg = Release|Any CPU
		{31BA568C-A33F-40D0-9DA1-2E19D95AEB63}.Release|x86.Build.0 = Release|Any CPU
		{D8939727-9C9E-4481-A919-588E57CD3F26}.Debug|Any CPU.ActiveCfg = Debug|Any CPU
		{D8939727-9C9E-4481-A919-588E57CD3F26}.Debug|Any CPU.Build.0 = Debug|Any CPU
		{D8939727-9C9E-4481-A919-588E57CD3F26}.Debug|x64.ActiveCfg = Debug|Any CPU
		{D8939727-9C9E-4481-A919-588E57CD3F26}.Debug|x64.Build.0 = Debug|Any CPU
		{D8939727-9C9E-4481-A919-588E57CD3F26}.Debug|x86.ActiveCfg = Debug|Any CPU
		{D8939727-9C9E-4481-A919-588E57CD3F26}.Debug|x86.Build.0 = Debug|Any CPU
		{D8939727-9C9E-4481-A919-588E57CD3F26}.Release|Any CPU.ActiveCfg = Release|Any CPU
		{D8939727-9C9E-4481-A919-588E57CD3F26}.Release|Any CPU.Build.0 = Release|Any CPU
		{D8939727-9C9E-4481-A919-588E57CD3F26}.Release|x64.ActiveCfg = Release|Any CPU
		{D8939727-9C9E-4481-A919-588E57CD3F26}.Release|x64.Build.0 = Release|Any CPU
		{D8939727-9C9E-4481-A919-588E57CD3F26}.Release|x86.ActiveCfg = Release|Any CPU
		{D8939727-9C9E-4481-A919-588E57CD3F26}.Release|x86.Build.0 = Release|Any CPU
		{CB5C82C3-0485-4ED7-AB18-02BA2C26D2C1}.Debug|Any CPU.ActiveCfg = Debug|Any CPU
		{CB5C82C3-0485-4ED7-AB18-02BA2C26D2C1}.Debug|Any CPU.Build.0 = Debug|Any CPU
		{CB5C82C3-0485-4ED7-AB18-02BA2C26D2C1}.Debug|x64.ActiveCfg = Debug|Any CPU
		{CB5C82C3-0485-4ED7-AB18-02BA2C26D2C1}.Debug|x64.Build.0 = Debug|Any CPU
		{CB5C82C3-0485-4ED7-AB18-02BA2C26D2C1}.Debug|x86.ActiveCfg = Debug|Any CPU
		{CB5C82C3-0485-4ED7-AB18-02BA2C26D2C1}.Debug|x86.Build.0 = Debug|Any CPU
		{CB5C82C3-0485-4ED7-AB18-02BA2C26D2C1}.Release|Any CPU.ActiveCfg = Release|Any CPU
		{CB5C82C3-0485-4ED7-AB18-02BA2C26D2C1}.Release|Any CPU.Build.0 = Release|Any CPU
		{CB5C82C3-0485-4ED7-AB18-02BA2C26D2C1}.Release|x64.ActiveCfg = Release|Any CPU
		{CB5C82C3-0485-4ED7-AB18-02BA2C26D2C1}.Release|x64.Build.0 = Release|Any CPU
		{CB5C82C3-0485-4ED7-AB18-02BA2C26D2C1}.Release|x86.ActiveCfg = Release|Any CPU
		{CB5C82C3-0485-4ED7-AB18-02BA2C26D2C1}.Release|x86.Build.0 = Release|Any CPU
		{E9792085-CDA6-4333-AEDC-68C78A56282D}.Debug|Any CPU.ActiveCfg = Debug|Any CPU
		{E9792085-CDA6-4333-AEDC-68C78A56282D}.Debug|Any CPU.Build.0 = Debug|Any CPU
		{E9792085-CDA6-4333-AEDC-68C78A56282D}.Debug|x64.ActiveCfg = Debug|Any CPU
		{E9792085-CDA6-4333-AEDC-68C78A56282D}.Debug|x64.Build.0 = Debug|Any CPU
		{E9792085-CDA6-4333-AEDC-68C78A56282D}.Debug|x86.ActiveCfg = Debug|Any CPU
		{E9792085-CDA6-4333-AEDC-68C78A56282D}.Debug|x86.Build.0 = Debug|Any CPU
		{E9792085-CDA6-4333-AEDC-68C78A56282D}.Release|Any CPU.ActiveCfg = Release|Any CPU
		{E9792085-CDA6-4333-AEDC-68C78A56282D}.Release|Any CPU.Build.0 = Release|Any CPU
		{E9792085-CDA6-4333-AEDC-68C78A56282D}.Release|x64.ActiveCfg = Release|Any CPU
		{E9792085-CDA6-4333-AEDC-68C78A56282D}.Release|x64.Build.0 = Release|Any CPU
		{E9792085-CDA6-4333-AEDC-68C78A56282D}.Release|x86.ActiveCfg = Release|Any CPU
		{E9792085-CDA6-4333-AEDC-68C78A56282D}.Release|x86.Build.0 = Release|Any CPU
		{1E412459-0EA8-4307-9260-9766FDD328E6}.Debug|Any CPU.ActiveCfg = Debug|Any CPU
		{1E412459-0EA8-4307-9260-9766FDD328E6}.Debug|Any CPU.Build.0 = Debug|Any CPU
		{1E412459-0EA8-4307-9260-9766FDD328E6}.Debug|x64.ActiveCfg = Debug|Any CPU
		{1E412459-0EA8-4307-9260-9766FDD328E6}.Debug|x64.Build.0 = Debug|Any CPU
		{1E412459-0EA8-4307-9260-9766FDD328E6}.Debug|x86.ActiveCfg = Debug|Any CPU
		{1E412459-0EA8-4307-9260-9766FDD328E6}.Debug|x86.Build.0 = Debug|Any CPU
		{1E412459-0EA8-4307-9260-9766FDD328E6}.Release|Any CPU.ActiveCfg = Release|Any CPU
		{1E412459-0EA8-4307-9260-9766FDD328E6}.Release|Any CPU.Build.0 = Release|Any CPU
		{1E412459-0EA8-4307-9260-9766FDD328E6}.Release|x64.ActiveCfg = Release|Any CPU
		{1E412459-0EA8-4307-9260-9766FDD328E6}.Release|x64.Build.0 = Release|Any CPU
		{1E412459-0EA8-4307-9260-9766FDD328E6}.Release|x86.ActiveCfg = Release|Any CPU
		{1E412459-0EA8-4307-9260-9766FDD328E6}.Release|x86.Build.0 = Release|Any CPU
		{888B5518-1394-4591-AF93-D33F006D1DB4}.Debug|Any CPU.ActiveCfg = Debug|Any CPU
		{888B5518-1394-4591-AF93-D33F006D1DB4}.Debug|Any CPU.Build.0 = Debug|Any CPU
		{888B5518-1394-4591-AF93-D33F006D1DB4}.Debug|x64.ActiveCfg = Debug|Any CPU
		{888B5518-1394-4591-AF93-D33F006D1DB4}.Debug|x64.Build.0 = Debug|Any CPU
		{888B5518-1394-4591-AF93-D33F006D1DB4}.Debug|x86.ActiveCfg = Debug|Any CPU
		{888B5518-1394-4591-AF93-D33F006D1DB4}.Debug|x86.Build.0 = Debug|Any CPU
		{888B5518-1394-4591-AF93-D33F006D1DB4}.Release|Any CPU.ActiveCfg = Release|Any CPU
		{888B5518-1394-4591-AF93-D33F006D1DB4}.Release|Any CPU.Build.0 = Release|Any CPU
		{888B5518-1394-4591-AF93-D33F006D1DB4}.Release|x64.ActiveCfg = Release|Any CPU
		{888B5518-1394-4591-AF93-D33F006D1DB4}.Release|x64.Build.0 = Release|Any CPU
		{888B5518-1394-4591-AF93-D33F006D1DB4}.Release|x86.ActiveCfg = Release|Any CPU
		{888B5518-1394-4591-AF93-D33F006D1DB4}.Release|x86.Build.0 = Release|Any CPU
		{2E3AB30B-10D9-4DB0-A453-7D59B917FD94}.Debug|Any CPU.ActiveCfg = Debug|Any CPU
		{2E3AB30B-10D9-4DB0-A453-7D59B917FD94}.Debug|Any CPU.Build.0 = Debug|Any CPU
		{2E3AB30B-10D9-4DB0-A453-7D59B917FD94}.Debug|x64.ActiveCfg = Debug|Any CPU
		{2E3AB30B-10D9-4DB0-A453-7D59B917FD94}.Debug|x64.Build.0 = Debug|Any CPU
		{2E3AB30B-10D9-4DB0-A453-7D59B917FD94}.Debug|x86.ActiveCfg = Debug|Any CPU
		{2E3AB30B-10D9-4DB0-A453-7D59B917FD94}.Debug|x86.Build.0 = Debug|Any CPU
		{2E3AB30B-10D9-4DB0-A453-7D59B917FD94}.Release|Any CPU.ActiveCfg = Release|Any CPU
		{2E3AB30B-10D9-4DB0-A453-7D59B917FD94}.Release|Any CPU.Build.0 = Release|Any CPU
		{2E3AB30B-10D9-4DB0-A453-7D59B917FD94}.Release|x64.ActiveCfg = Release|Any CPU
		{2E3AB30B-10D9-4DB0-A453-7D59B917FD94}.Release|x64.Build.0 = Release|Any CPU
		{2E3AB30B-10D9-4DB0-A453-7D59B917FD94}.Release|x86.ActiveCfg = Release|Any CPU
		{2E3AB30B-10D9-4DB0-A453-7D59B917FD94}.Release|x86.Build.0 = Release|Any CPU
		{09A64099-D9BB-4CFF-A5BF-4B38BFB281FD}.Debug|Any CPU.ActiveCfg = Debug|Any CPU
		{09A64099-D9BB-4CFF-A5BF-4B38BFB281FD}.Debug|Any CPU.Build.0 = Debug|Any CPU
		{09A64099-D9BB-4CFF-A5BF-4B38BFB281FD}.Debug|x64.ActiveCfg = Debug|Any CPU
		{09A64099-D9BB-4CFF-A5BF-4B38BFB281FD}.Debug|x64.Build.0 = Debug|Any CPU
		{09A64099-D9BB-4CFF-A5BF-4B38BFB281FD}.Debug|x86.ActiveCfg = Debug|Any CPU
		{09A64099-D9BB-4CFF-A5BF-4B38BFB281FD}.Debug|x86.Build.0 = Debug|Any CPU
		{09A64099-D9BB-4CFF-A5BF-4B38BFB281FD}.Release|Any CPU.ActiveCfg = Release|Any CPU
		{09A64099-D9BB-4CFF-A5BF-4B38BFB281FD}.Release|Any CPU.Build.0 = Release|Any CPU
		{09A64099-D9BB-4CFF-A5BF-4B38BFB281FD}.Release|x64.ActiveCfg = Release|Any CPU
		{09A64099-D9BB-4CFF-A5BF-4B38BFB281FD}.Release|x64.Build.0 = Release|Any CPU
		{09A64099-D9BB-4CFF-A5BF-4B38BFB281FD}.Release|x86.ActiveCfg = Release|Any CPU
		{09A64099-D9BB-4CFF-A5BF-4B38BFB281FD}.Release|x86.Build.0 = Release|Any CPU
		{64D31B2C-FF30-4E6E-A19C-C859C4502C59}.Debug|Any CPU.ActiveCfg = Debug|Any CPU
		{64D31B2C-FF30-4E6E-A19C-C859C4502C59}.Debug|Any CPU.Build.0 = Debug|Any CPU
		{64D31B2C-FF30-4E6E-A19C-C859C4502C59}.Debug|x64.ActiveCfg = Debug|Any CPU
		{64D31B2C-FF30-4E6E-A19C-C859C4502C59}.Debug|x64.Build.0 = Debug|Any CPU
		{64D31B2C-FF30-4E6E-A19C-C859C4502C59}.Debug|x86.ActiveCfg = Debug|Any CPU
		{64D31B2C-FF30-4E6E-A19C-C859C4502C59}.Debug|x86.Build.0 = Debug|Any CPU
		{64D31B2C-FF30-4E6E-A19C-C859C4502C59}.Release|Any CPU.ActiveCfg = Release|Any CPU
		{64D31B2C-FF30-4E6E-A19C-C859C4502C59}.Release|Any CPU.Build.0 = Release|Any CPU
		{64D31B2C-FF30-4E6E-A19C-C859C4502C59}.Release|x64.ActiveCfg = Release|Any CPU
		{64D31B2C-FF30-4E6E-A19C-C859C4502C59}.Release|x64.Build.0 = Release|Any CPU
		{64D31B2C-FF30-4E6E-A19C-C859C4502C59}.Release|x86.ActiveCfg = Release|Any CPU
		{64D31B2C-FF30-4E6E-A19C-C859C4502C59}.Release|x86.Build.0 = Release|Any CPU
		{78394D4C-603D-47DC-8FB8-685310EBBFD5}.Debug|Any CPU.ActiveCfg = Debug|Any CPU
		{78394D4C-603D-47DC-8FB8-685310EBBFD5}.Debug|Any CPU.Build.0 = Debug|Any CPU
		{78394D4C-603D-47DC-8FB8-685310EBBFD5}.Debug|x64.ActiveCfg = Debug|Any CPU
		{78394D4C-603D-47DC-8FB8-685310EBBFD5}.Debug|x64.Build.0 = Debug|Any CPU
		{78394D4C-603D-47DC-8FB8-685310EBBFD5}.Debug|x86.ActiveCfg = Debug|Any CPU
		{78394D4C-603D-47DC-8FB8-685310EBBFD5}.Debug|x86.Build.0 = Debug|Any CPU
		{78394D4C-603D-47DC-8FB8-685310EBBFD5}.Release|Any CPU.ActiveCfg = Release|Any CPU
		{78394D4C-603D-47DC-8FB8-685310EBBFD5}.Release|Any CPU.Build.0 = Release|Any CPU
		{78394D4C-603D-47DC-8FB8-685310EBBFD5}.Release|x64.ActiveCfg = Release|Any CPU
		{78394D4C-603D-47DC-8FB8-685310EBBFD5}.Release|x64.Build.0 = Release|Any CPU
		{78394D4C-603D-47DC-8FB8-685310EBBFD5}.Release|x86.ActiveCfg = Release|Any CPU
		{78394D4C-603D-47DC-8FB8-685310EBBFD5}.Release|x86.Build.0 = Release|Any CPU
		{0F6A73A2-9BC3-4B06-941F-F1B58389AD26}.Debug|Any CPU.ActiveCfg = Debug|Any CPU
		{0F6A73A2-9BC3-4B06-941F-F1B58389AD26}.Debug|Any CPU.Build.0 = Debug|Any CPU
		{0F6A73A2-9BC3-4B06-941F-F1B58389AD26}.Debug|x64.ActiveCfg = Debug|Any CPU
		{0F6A73A2-9BC3-4B06-941F-F1B58389AD26}.Debug|x64.Build.0 = Debug|Any CPU
		{0F6A73A2-9BC3-4B06-941F-F1B58389AD26}.Debug|x86.ActiveCfg = Debug|Any CPU
		{0F6A73A2-9BC3-4B06-941F-F1B58389AD26}.Debug|x86.Build.0 = Debug|Any CPU
		{0F6A73A2-9BC3-4B06-941F-F1B58389AD26}.Release|Any CPU.ActiveCfg = Release|Any CPU
		{0F6A73A2-9BC3-4B06-941F-F1B58389AD26}.Release|Any CPU.Build.0 = Release|Any CPU
		{0F6A73A2-9BC3-4B06-941F-F1B58389AD26}.Release|x64.ActiveCfg = Release|Any CPU
		{0F6A73A2-9BC3-4B06-941F-F1B58389AD26}.Release|x64.Build.0 = Release|Any CPU
		{0F6A73A2-9BC3-4B06-941F-F1B58389AD26}.Release|x86.ActiveCfg = Release|Any CPU
		{0F6A73A2-9BC3-4B06-941F-F1B58389AD26}.Release|x86.Build.0 = Release|Any CPU
		{9D8ED5A9-B2CD-4DE8-BE67-9E4FDD1E31CD}.Debug|Any CPU.ActiveCfg = Debug|Any CPU
		{9D8ED5A9-B2CD-4DE8-BE67-9E4FDD1E31CD}.Debug|Any CPU.Build.0 = Debug|Any CPU
		{9D8ED5A9-B2CD-4DE8-BE67-9E4FDD1E31CD}.Debug|x64.ActiveCfg = Debug|Any CPU
		{9D8ED5A9-B2CD-4DE8-BE67-9E4FDD1E31CD}.Debug|x64.Build.0 = Debug|Any CPU
		{9D8ED5A9-B2CD-4DE8-BE67-9E4FDD1E31CD}.Debug|x86.ActiveCfg = Debug|Any CPU
		{9D8ED5A9-B2CD-4DE8-BE67-9E4FDD1E31CD}.Debug|x86.Build.0 = Debug|Any CPU
		{9D8ED5A9-B2CD-4DE8-BE67-9E4FDD1E31CD}.Release|Any CPU.ActiveCfg = Release|Any CPU
		{9D8ED5A9-B2CD-4DE8-BE67-9E4FDD1E31CD}.Release|Any CPU.Build.0 = Release|Any CPU
		{9D8ED5A9-B2CD-4DE8-BE67-9E4FDD1E31CD}.Release|x64.ActiveCfg = Release|Any CPU
		{9D8ED5A9-B2CD-4DE8-BE67-9E4FDD1E31CD}.Release|x64.Build.0 = Release|Any CPU
		{9D8ED5A9-B2CD-4DE8-BE67-9E4FDD1E31CD}.Release|x86.ActiveCfg = Release|Any CPU
		{9D8ED5A9-B2CD-4DE8-BE67-9E4FDD1E31CD}.Release|x86.Build.0 = Release|Any CPU
		{9702D19F-20BD-4275-B73E-5242A10968EC}.Debug|Any CPU.ActiveCfg = Debug|Any CPU
		{9702D19F-20BD-4275-B73E-5242A10968EC}.Debug|Any CPU.Build.0 = Debug|Any CPU
		{9702D19F-20BD-4275-B73E-5242A10968EC}.Debug|x64.ActiveCfg = Debug|Any CPU
		{9702D19F-20BD-4275-B73E-5242A10968EC}.Debug|x64.Build.0 = Debug|Any CPU
		{9702D19F-20BD-4275-B73E-5242A10968EC}.Debug|x86.ActiveCfg = Debug|Any CPU
		{9702D19F-20BD-4275-B73E-5242A10968EC}.Debug|x86.Build.0 = Debug|Any CPU
		{9702D19F-20BD-4275-B73E-5242A10968EC}.Release|Any CPU.ActiveCfg = Release|Any CPU
		{9702D19F-20BD-4275-B73E-5242A10968EC}.Release|Any CPU.Build.0 = Release|Any CPU
		{9702D19F-20BD-4275-B73E-5242A10968EC}.Release|x64.ActiveCfg = Release|Any CPU
		{9702D19F-20BD-4275-B73E-5242A10968EC}.Release|x64.Build.0 = Release|Any CPU
		{9702D19F-20BD-4275-B73E-5242A10968EC}.Release|x86.ActiveCfg = Release|Any CPU
		{9702D19F-20BD-4275-B73E-5242A10968EC}.Release|x86.Build.0 = Release|Any CPU
		{377110C3-0C0D-4FB3-A0E6-9B927BAA6F20}.Debug|Any CPU.ActiveCfg = Debug|Any CPU
		{377110C3-0C0D-4FB3-A0E6-9B927BAA6F20}.Debug|Any CPU.Build.0 = Debug|Any CPU
		{377110C3-0C0D-4FB3-A0E6-9B927BAA6F20}.Debug|x64.ActiveCfg = Debug|Any CPU
		{377110C3-0C0D-4FB3-A0E6-9B927BAA6F20}.Debug|x64.Build.0 = Debug|Any CPU
		{377110C3-0C0D-4FB3-A0E6-9B927BAA6F20}.Debug|x86.ActiveCfg = Debug|Any CPU
		{377110C3-0C0D-4FB3-A0E6-9B927BAA6F20}.Debug|x86.Build.0 = Debug|Any CPU
		{377110C3-0C0D-4FB3-A0E6-9B927BAA6F20}.Release|Any CPU.ActiveCfg = Release|Any CPU
		{377110C3-0C0D-4FB3-A0E6-9B927BAA6F20}.Release|Any CPU.Build.0 = Release|Any CPU
		{377110C3-0C0D-4FB3-A0E6-9B927BAA6F20}.Release|x64.ActiveCfg = Release|Any CPU
		{377110C3-0C0D-4FB3-A0E6-9B927BAA6F20}.Release|x64.Build.0 = Release|Any CPU
		{377110C3-0C0D-4FB3-A0E6-9B927BAA6F20}.Release|x86.ActiveCfg = Release|Any CPU
		{377110C3-0C0D-4FB3-A0E6-9B927BAA6F20}.Release|x86.Build.0 = Release|Any CPU
		{86A68595-1D3F-4C90-9B92-7C0A284D76FF}.Debug|Any CPU.ActiveCfg = Debug|Any CPU
		{86A68595-1D3F-4C90-9B92-7C0A284D76FF}.Debug|Any CPU.Build.0 = Debug|Any CPU
		{86A68595-1D3F-4C90-9B92-7C0A284D76FF}.Debug|x64.ActiveCfg = Debug|Any CPU
		{86A68595-1D3F-4C90-9B92-7C0A284D76FF}.Debug|x64.Build.0 = Debug|Any CPU
		{86A68595-1D3F-4C90-9B92-7C0A284D76FF}.Debug|x86.ActiveCfg = Debug|Any CPU
		{86A68595-1D3F-4C90-9B92-7C0A284D76FF}.Debug|x86.Build.0 = Debug|Any CPU
		{86A68595-1D3F-4C90-9B92-7C0A284D76FF}.Release|Any CPU.ActiveCfg = Release|Any CPU
		{86A68595-1D3F-4C90-9B92-7C0A284D76FF}.Release|Any CPU.Build.0 = Release|Any CPU
		{86A68595-1D3F-4C90-9B92-7C0A284D76FF}.Release|x64.ActiveCfg = Release|Any CPU
		{86A68595-1D3F-4C90-9B92-7C0A284D76FF}.Release|x64.Build.0 = Release|Any CPU
		{86A68595-1D3F-4C90-9B92-7C0A284D76FF}.Release|x86.ActiveCfg = Release|Any CPU
		{86A68595-1D3F-4C90-9B92-7C0A284D76FF}.Release|x86.Build.0 = Release|Any CPU
		{FAFF0E72-9E41-45F2-A9BA-E2F8235118BE}.Debug|Any CPU.ActiveCfg = Debug|Any CPU
		{FAFF0E72-9E41-45F2-A9BA-E2F8235118BE}.Debug|Any CPU.Build.0 = Debug|Any CPU
		{FAFF0E72-9E41-45F2-A9BA-E2F8235118BE}.Debug|x64.ActiveCfg = Debug|Any CPU
		{FAFF0E72-9E41-45F2-A9BA-E2F8235118BE}.Debug|x64.Build.0 = Debug|Any CPU
		{FAFF0E72-9E41-45F2-A9BA-E2F8235118BE}.Debug|x86.ActiveCfg = Debug|Any CPU
		{FAFF0E72-9E41-45F2-A9BA-E2F8235118BE}.Debug|x86.Build.0 = Debug|Any CPU
		{FAFF0E72-9E41-45F2-A9BA-E2F8235118BE}.Release|Any CPU.ActiveCfg = Release|Any CPU
		{FAFF0E72-9E41-45F2-A9BA-E2F8235118BE}.Release|Any CPU.Build.0 = Release|Any CPU
		{FAFF0E72-9E41-45F2-A9BA-E2F8235118BE}.Release|x64.ActiveCfg = Release|Any CPU
		{FAFF0E72-9E41-45F2-A9BA-E2F8235118BE}.Release|x64.Build.0 = Release|Any CPU
		{FAFF0E72-9E41-45F2-A9BA-E2F8235118BE}.Release|x86.ActiveCfg = Release|Any CPU
		{FAFF0E72-9E41-45F2-A9BA-E2F8235118BE}.Release|x86.Build.0 = Release|Any CPU
		{003F97AB-F50C-467F-BD7C-0E5C50EBE4CB}.Debug|Any CPU.ActiveCfg = Debug|Any CPU
		{003F97AB-F50C-467F-BD7C-0E5C50EBE4CB}.Debug|Any CPU.Build.0 = Debug|Any CPU
		{003F97AB-F50C-467F-BD7C-0E5C50EBE4CB}.Debug|x64.ActiveCfg = Debug|Any CPU
		{003F97AB-F50C-467F-BD7C-0E5C50EBE4CB}.Debug|x64.Build.0 = Debug|Any CPU
		{003F97AB-F50C-467F-BD7C-0E5C50EBE4CB}.Debug|x86.ActiveCfg = Debug|Any CPU
		{003F97AB-F50C-467F-BD7C-0E5C50EBE4CB}.Debug|x86.Build.0 = Debug|Any CPU
		{003F97AB-F50C-467F-BD7C-0E5C50EBE4CB}.Release|Any CPU.ActiveCfg = Release|Any CPU
		{003F97AB-F50C-467F-BD7C-0E5C50EBE4CB}.Release|Any CPU.Build.0 = Release|Any CPU
		{003F97AB-F50C-467F-BD7C-0E5C50EBE4CB}.Release|x64.ActiveCfg = Release|Any CPU
		{003F97AB-F50C-467F-BD7C-0E5C50EBE4CB}.Release|x64.Build.0 = Release|Any CPU
		{003F97AB-F50C-467F-BD7C-0E5C50EBE4CB}.Release|x86.ActiveCfg = Release|Any CPU
		{003F97AB-F50C-467F-BD7C-0E5C50EBE4CB}.Release|x86.Build.0 = Release|Any CPU
		{4679C179-8C77-4BC3-B8E5-7BABAF174924}.Debug|Any CPU.ActiveCfg = Debug|Any CPU
		{4679C179-8C77-4BC3-B8E5-7BABAF174924}.Debug|Any CPU.Build.0 = Debug|Any CPU
		{4679C179-8C77-4BC3-B8E5-7BABAF174924}.Debug|x64.ActiveCfg = Debug|Any CPU
		{4679C179-8C77-4BC3-B8E5-7BABAF174924}.Debug|x64.Build.0 = Debug|Any CPU
		{4679C179-8C77-4BC3-B8E5-7BABAF174924}.Debug|x86.ActiveCfg = Debug|Any CPU
		{4679C179-8C77-4BC3-B8E5-7BABAF174924}.Debug|x86.Build.0 = Debug|Any CPU
		{4679C179-8C77-4BC3-B8E5-7BABAF174924}.Release|Any CPU.ActiveCfg = Release|Any CPU
		{4679C179-8C77-4BC3-B8E5-7BABAF174924}.Release|Any CPU.Build.0 = Release|Any CPU
		{4679C179-8C77-4BC3-B8E5-7BABAF174924}.Release|x64.ActiveCfg = Release|Any CPU
		{4679C179-8C77-4BC3-B8E5-7BABAF174924}.Release|x64.Build.0 = Release|Any CPU
		{4679C179-8C77-4BC3-B8E5-7BABAF174924}.Release|x86.ActiveCfg = Release|Any CPU
		{4679C179-8C77-4BC3-B8E5-7BABAF174924}.Release|x86.Build.0 = Release|Any CPU
		{DAF7F093-29FC-4B03-932E-D35A3C4E92D3}.Debug|Any CPU.ActiveCfg = Debug|Any CPU
		{DAF7F093-29FC-4B03-932E-D35A3C4E92D3}.Debug|Any CPU.Build.0 = Debug|Any CPU
		{DAF7F093-29FC-4B03-932E-D35A3C4E92D3}.Debug|x64.ActiveCfg = Debug|Any CPU
		{DAF7F093-29FC-4B03-932E-D35A3C4E92D3}.Debug|x64.Build.0 = Debug|Any CPU
		{DAF7F093-29FC-4B03-932E-D35A3C4E92D3}.Debug|x86.ActiveCfg = Debug|Any CPU
		{DAF7F093-29FC-4B03-932E-D35A3C4E92D3}.Debug|x86.Build.0 = Debug|Any CPU
		{DAF7F093-29FC-4B03-932E-D35A3C4E92D3}.Release|Any CPU.ActiveCfg = Release|Any CPU
		{DAF7F093-29FC-4B03-932E-D35A3C4E92D3}.Release|Any CPU.Build.0 = Release|Any CPU
		{DAF7F093-29FC-4B03-932E-D35A3C4E92D3}.Release|x64.ActiveCfg = Release|Any CPU
		{DAF7F093-29FC-4B03-932E-D35A3C4E92D3}.Release|x64.Build.0 = Release|Any CPU
		{DAF7F093-29FC-4B03-932E-D35A3C4E92D3}.Release|x86.ActiveCfg = Release|Any CPU
		{DAF7F093-29FC-4B03-932E-D35A3C4E92D3}.Release|x86.Build.0 = Release|Any CPU
		{93971750-F261-49A3-927B-276E2D1CEE10}.Debug|Any CPU.ActiveCfg = Debug|Any CPU
		{93971750-F261-49A3-927B-276E2D1CEE10}.Debug|Any CPU.Build.0 = Debug|Any CPU
		{93971750-F261-49A3-927B-276E2D1CEE10}.Debug|x64.ActiveCfg = Debug|Any CPU
		{93971750-F261-49A3-927B-276E2D1CEE10}.Debug|x64.Build.0 = Debug|Any CPU
		{93971750-F261-49A3-927B-276E2D1CEE10}.Debug|x86.ActiveCfg = Debug|Any CPU
		{93971750-F261-49A3-927B-276E2D1CEE10}.Debug|x86.Build.0 = Debug|Any CPU
		{93971750-F261-49A3-927B-276E2D1CEE10}.Release|Any CPU.ActiveCfg = Release|Any CPU
		{93971750-F261-49A3-927B-276E2D1CEE10}.Release|Any CPU.Build.0 = Release|Any CPU
		{93971750-F261-49A3-927B-276E2D1CEE10}.Release|x64.ActiveCfg = Release|Any CPU
		{93971750-F261-49A3-927B-276E2D1CEE10}.Release|x64.Build.0 = Release|Any CPU
		{93971750-F261-49A3-927B-276E2D1CEE10}.Release|x86.ActiveCfg = Release|Any CPU
		{93971750-F261-49A3-927B-276E2D1CEE10}.Release|x86.Build.0 = Release|Any CPU
		{315E9912-5F92-40FB-BD7B-F534D69A1B50}.Debug|Any CPU.ActiveCfg = Debug|Any CPU
		{315E9912-5F92-40FB-BD7B-F534D69A1B50}.Debug|Any CPU.Build.0 = Debug|Any CPU
		{315E9912-5F92-40FB-BD7B-F534D69A1B50}.Debug|x64.ActiveCfg = Debug|Any CPU
		{315E9912-5F92-40FB-BD7B-F534D69A1B50}.Debug|x64.Build.0 = Debug|Any CPU
		{315E9912-5F92-40FB-BD7B-F534D69A1B50}.Debug|x86.ActiveCfg = Debug|Any CPU
		{315E9912-5F92-40FB-BD7B-F534D69A1B50}.Debug|x86.Build.0 = Debug|Any CPU
		{315E9912-5F92-40FB-BD7B-F534D69A1B50}.Release|Any CPU.ActiveCfg = Release|Any CPU
		{315E9912-5F92-40FB-BD7B-F534D69A1B50}.Release|Any CPU.Build.0 = Release|Any CPU
		{315E9912-5F92-40FB-BD7B-F534D69A1B50}.Release|x64.ActiveCfg = Release|Any CPU
		{315E9912-5F92-40FB-BD7B-F534D69A1B50}.Release|x64.Build.0 = Release|Any CPU
		{315E9912-5F92-40FB-BD7B-F534D69A1B50}.Release|x86.ActiveCfg = Release|Any CPU
		{315E9912-5F92-40FB-BD7B-F534D69A1B50}.Release|x86.Build.0 = Release|Any CPU
		{08B7D27C-4351-4B97-BDB0-CFD7055BC1B9}.Debug|Any CPU.ActiveCfg = Debug|Any CPU
		{08B7D27C-4351-4B97-BDB0-CFD7055BC1B9}.Debug|Any CPU.Build.0 = Debug|Any CPU
		{08B7D27C-4351-4B97-BDB0-CFD7055BC1B9}.Debug|x64.ActiveCfg = Debug|Any CPU
		{08B7D27C-4351-4B97-BDB0-CFD7055BC1B9}.Debug|x64.Build.0 = Debug|Any CPU
		{08B7D27C-4351-4B97-BDB0-CFD7055BC1B9}.Debug|x86.ActiveCfg = Debug|Any CPU
		{08B7D27C-4351-4B97-BDB0-CFD7055BC1B9}.Debug|x86.Build.0 = Debug|Any CPU
		{08B7D27C-4351-4B97-BDB0-CFD7055BC1B9}.Release|Any CPU.ActiveCfg = Release|Any CPU
		{08B7D27C-4351-4B97-BDB0-CFD7055BC1B9}.Release|Any CPU.Build.0 = Release|Any CPU
		{08B7D27C-4351-4B97-BDB0-CFD7055BC1B9}.Release|x64.ActiveCfg = Release|Any CPU
		{08B7D27C-4351-4B97-BDB0-CFD7055BC1B9}.Release|x64.Build.0 = Release|Any CPU
		{08B7D27C-4351-4B97-BDB0-CFD7055BC1B9}.Release|x86.ActiveCfg = Release|Any CPU
		{08B7D27C-4351-4B97-BDB0-CFD7055BC1B9}.Release|x86.Build.0 = Release|Any CPU
		{530B02E1-F935-4A09-AA5D-FA89364FE62B}.Debug|Any CPU.ActiveCfg = Debug|Any CPU
		{530B02E1-F935-4A09-AA5D-FA89364FE62B}.Debug|Any CPU.Build.0 = Debug|Any CPU
		{530B02E1-F935-4A09-AA5D-FA89364FE62B}.Debug|x64.ActiveCfg = Debug|Any CPU
		{530B02E1-F935-4A09-AA5D-FA89364FE62B}.Debug|x64.Build.0 = Debug|Any CPU
		{530B02E1-F935-4A09-AA5D-FA89364FE62B}.Debug|x86.ActiveCfg = Debug|Any CPU
		{530B02E1-F935-4A09-AA5D-FA89364FE62B}.Debug|x86.Build.0 = Debug|Any CPU
		{530B02E1-F935-4A09-AA5D-FA89364FE62B}.Release|Any CPU.ActiveCfg = Release|Any CPU
		{530B02E1-F935-4A09-AA5D-FA89364FE62B}.Release|Any CPU.Build.0 = Release|Any CPU
		{530B02E1-F935-4A09-AA5D-FA89364FE62B}.Release|x64.ActiveCfg = Release|Any CPU
		{530B02E1-F935-4A09-AA5D-FA89364FE62B}.Release|x64.Build.0 = Release|Any CPU
		{530B02E1-F935-4A09-AA5D-FA89364FE62B}.Release|x86.ActiveCfg = Release|Any CPU
		{530B02E1-F935-4A09-AA5D-FA89364FE62B}.Release|x86.Build.0 = Release|Any CPU
		{BEE36DD0-4EAC-4C62-8A5F-2F4362E2E12F}.Debug|Any CPU.ActiveCfg = Debug|Any CPU
		{BEE36DD0-4EAC-4C62-8A5F-2F4362E2E12F}.Debug|Any CPU.Build.0 = Debug|Any CPU
		{BEE36DD0-4EAC-4C62-8A5F-2F4362E2E12F}.Debug|x64.ActiveCfg = Debug|Any CPU
		{BEE36DD0-4EAC-4C62-8A5F-2F4362E2E12F}.Debug|x64.Build.0 = Debug|Any CPU
		{BEE36DD0-4EAC-4C62-8A5F-2F4362E2E12F}.Debug|x86.ActiveCfg = Debug|Any CPU
		{BEE36DD0-4EAC-4C62-8A5F-2F4362E2E12F}.Debug|x86.Build.0 = Debug|Any CPU
		{BEE36DD0-4EAC-4C62-8A5F-2F4362E2E12F}.Release|Any CPU.ActiveCfg = Release|Any CPU
		{BEE36DD0-4EAC-4C62-8A5F-2F4362E2E12F}.Release|Any CPU.Build.0 = Release|Any CPU
		{BEE36DD0-4EAC-4C62-8A5F-2F4362E2E12F}.Release|x64.ActiveCfg = Release|Any CPU
		{BEE36DD0-4EAC-4C62-8A5F-2F4362E2E12F}.Release|x64.Build.0 = Release|Any CPU
		{BEE36DD0-4EAC-4C62-8A5F-2F4362E2E12F}.Release|x86.ActiveCfg = Release|Any CPU
		{BEE36DD0-4EAC-4C62-8A5F-2F4362E2E12F}.Release|x86.Build.0 = Release|Any CPU
		{B58D9B4F-AFC6-489D-86B4-8D229CC2A346}.Debug|Any CPU.ActiveCfg = Debug|Any CPU
		{B58D9B4F-AFC6-489D-86B4-8D229CC2A346}.Debug|Any CPU.Build.0 = Debug|Any CPU
		{B58D9B4F-AFC6-489D-86B4-8D229CC2A346}.Debug|x64.ActiveCfg = Debug|Any CPU
		{B58D9B4F-AFC6-489D-86B4-8D229CC2A346}.Debug|x64.Build.0 = Debug|Any CPU
		{B58D9B4F-AFC6-489D-86B4-8D229CC2A346}.Debug|x86.ActiveCfg = Debug|Any CPU
		{B58D9B4F-AFC6-489D-86B4-8D229CC2A346}.Debug|x86.Build.0 = Debug|Any CPU
		{B58D9B4F-AFC6-489D-86B4-8D229CC2A346}.Release|Any CPU.ActiveCfg = Release|Any CPU
		{B58D9B4F-AFC6-489D-86B4-8D229CC2A346}.Release|Any CPU.Build.0 = Release|Any CPU
		{B58D9B4F-AFC6-489D-86B4-8D229CC2A346}.Release|x64.ActiveCfg = Release|Any CPU
		{B58D9B4F-AFC6-489D-86B4-8D229CC2A346}.Release|x64.Build.0 = Release|Any CPU
		{B58D9B4F-AFC6-489D-86B4-8D229CC2A346}.Release|x86.ActiveCfg = Release|Any CPU
		{B58D9B4F-AFC6-489D-86B4-8D229CC2A346}.Release|x86.Build.0 = Release|Any CPU
		{05B9C83D-DEB6-4F33-BE1C-DB842470E391}.Debug|Any CPU.ActiveCfg = Debug|Any CPU
		{05B9C83D-DEB6-4F33-BE1C-DB842470E391}.Debug|Any CPU.Build.0 = Debug|Any CPU
		{05B9C83D-DEB6-4F33-BE1C-DB842470E391}.Debug|x64.ActiveCfg = Debug|Any CPU
		{05B9C83D-DEB6-4F33-BE1C-DB842470E391}.Debug|x64.Build.0 = Debug|Any CPU
		{05B9C83D-DEB6-4F33-BE1C-DB842470E391}.Debug|x86.ActiveCfg = Debug|Any CPU
		{05B9C83D-DEB6-4F33-BE1C-DB842470E391}.Debug|x86.Build.0 = Debug|Any CPU
		{05B9C83D-DEB6-4F33-BE1C-DB842470E391}.Release|Any CPU.ActiveCfg = Release|Any CPU
		{05B9C83D-DEB6-4F33-BE1C-DB842470E391}.Release|Any CPU.Build.0 = Release|Any CPU
		{05B9C83D-DEB6-4F33-BE1C-DB842470E391}.Release|x64.ActiveCfg = Release|Any CPU
		{05B9C83D-DEB6-4F33-BE1C-DB842470E391}.Release|x64.Build.0 = Release|Any CPU
		{05B9C83D-DEB6-4F33-BE1C-DB842470E391}.Release|x86.ActiveCfg = Release|Any CPU
		{05B9C83D-DEB6-4F33-BE1C-DB842470E391}.Release|x86.Build.0 = Release|Any CPU
		{C634D682-4C03-4717-A134-C595BA5900D1}.Debug|Any CPU.ActiveCfg = Debug|Any CPU
		{C634D682-4C03-4717-A134-C595BA5900D1}.Debug|Any CPU.Build.0 = Debug|Any CPU
		{C634D682-4C03-4717-A134-C595BA5900D1}.Debug|x64.ActiveCfg = Debug|Any CPU
		{C634D682-4C03-4717-A134-C595BA5900D1}.Debug|x64.Build.0 = Debug|Any CPU
		{C634D682-4C03-4717-A134-C595BA5900D1}.Debug|x86.ActiveCfg = Debug|Any CPU
		{C634D682-4C03-4717-A134-C595BA5900D1}.Debug|x86.Build.0 = Debug|Any CPU
		{C634D682-4C03-4717-A134-C595BA5900D1}.Release|Any CPU.ActiveCfg = Release|Any CPU
		{C634D682-4C03-4717-A134-C595BA5900D1}.Release|Any CPU.Build.0 = Release|Any CPU
		{C634D682-4C03-4717-A134-C595BA5900D1}.Release|x64.ActiveCfg = Release|Any CPU
		{C634D682-4C03-4717-A134-C595BA5900D1}.Release|x64.Build.0 = Release|Any CPU
		{C634D682-4C03-4717-A134-C595BA5900D1}.Release|x86.ActiveCfg = Release|Any CPU
		{C634D682-4C03-4717-A134-C595BA5900D1}.Release|x86.Build.0 = Release|Any CPU
		{DC2F5EB0-2441-4AFF-AA28-7A4151D196D8}.Debug|Any CPU.ActiveCfg = Debug|Any CPU
		{DC2F5EB0-2441-4AFF-AA28-7A4151D196D8}.Debug|Any CPU.Build.0 = Debug|Any CPU
		{DC2F5EB0-2441-4AFF-AA28-7A4151D196D8}.Debug|x64.ActiveCfg = Debug|Any CPU
		{DC2F5EB0-2441-4AFF-AA28-7A4151D196D8}.Debug|x64.Build.0 = Debug|Any CPU
		{DC2F5EB0-2441-4AFF-AA28-7A4151D196D8}.Debug|x86.ActiveCfg = Debug|Any CPU
		{DC2F5EB0-2441-4AFF-AA28-7A4151D196D8}.Debug|x86.Build.0 = Debug|Any CPU
		{DC2F5EB0-2441-4AFF-AA28-7A4151D196D8}.Release|Any CPU.ActiveCfg = Release|Any CPU
		{DC2F5EB0-2441-4AFF-AA28-7A4151D196D8}.Release|Any CPU.Build.0 = Release|Any CPU
		{DC2F5EB0-2441-4AFF-AA28-7A4151D196D8}.Release|x64.ActiveCfg = Release|Any CPU
		{DC2F5EB0-2441-4AFF-AA28-7A4151D196D8}.Release|x64.Build.0 = Release|Any CPU
		{DC2F5EB0-2441-4AFF-AA28-7A4151D196D8}.Release|x86.ActiveCfg = Release|Any CPU
		{DC2F5EB0-2441-4AFF-AA28-7A4151D196D8}.Release|x86.Build.0 = Release|Any CPU
		{3A970C80-CF55-4A9E-9423-B53DA31C3D1B}.Debug|Any CPU.ActiveCfg = Debug|Any CPU
		{3A970C80-CF55-4A9E-9423-B53DA31C3D1B}.Debug|Any CPU.Build.0 = Debug|Any CPU
		{3A970C80-CF55-4A9E-9423-B53DA31C3D1B}.Debug|x64.ActiveCfg = Debug|Any CPU
		{3A970C80-CF55-4A9E-9423-B53DA31C3D1B}.Debug|x64.Build.0 = Debug|Any CPU
		{3A970C80-CF55-4A9E-9423-B53DA31C3D1B}.Debug|x86.ActiveCfg = Debug|Any CPU
		{3A970C80-CF55-4A9E-9423-B53DA31C3D1B}.Debug|x86.Build.0 = Debug|Any CPU
		{3A970C80-CF55-4A9E-9423-B53DA31C3D1B}.Release|Any CPU.ActiveCfg = Release|Any CPU
		{3A970C80-CF55-4A9E-9423-B53DA31C3D1B}.Release|Any CPU.Build.0 = Release|Any CPU
		{3A970C80-CF55-4A9E-9423-B53DA31C3D1B}.Release|x64.ActiveCfg = Release|Any CPU
		{3A970C80-CF55-4A9E-9423-B53DA31C3D1B}.Release|x64.Build.0 = Release|Any CPU
		{3A970C80-CF55-4A9E-9423-B53DA31C3D1B}.Release|x86.ActiveCfg = Release|Any CPU
		{3A970C80-CF55-4A9E-9423-B53DA31C3D1B}.Release|x86.Build.0 = Release|Any CPU
		{14300D1D-699F-472C-8506-6F1BC7E3E1BC}.Debug|Any CPU.ActiveCfg = Debug|Any CPU
		{14300D1D-699F-472C-8506-6F1BC7E3E1BC}.Debug|Any CPU.Build.0 = Debug|Any CPU
		{14300D1D-699F-472C-8506-6F1BC7E3E1BC}.Debug|x64.ActiveCfg = Debug|Any CPU
		{14300D1D-699F-472C-8506-6F1BC7E3E1BC}.Debug|x64.Build.0 = Debug|Any CPU
		{14300D1D-699F-472C-8506-6F1BC7E3E1BC}.Debug|x86.ActiveCfg = Debug|Any CPU
		{14300D1D-699F-472C-8506-6F1BC7E3E1BC}.Debug|x86.Build.0 = Debug|Any CPU
		{14300D1D-699F-472C-8506-6F1BC7E3E1BC}.Release|Any CPU.ActiveCfg = Release|Any CPU
		{14300D1D-699F-472C-8506-6F1BC7E3E1BC}.Release|Any CPU.Build.0 = Release|Any CPU
		{14300D1D-699F-472C-8506-6F1BC7E3E1BC}.Release|x64.ActiveCfg = Release|Any CPU
		{14300D1D-699F-472C-8506-6F1BC7E3E1BC}.Release|x64.Build.0 = Release|Any CPU
		{14300D1D-699F-472C-8506-6F1BC7E3E1BC}.Release|x86.ActiveCfg = Release|Any CPU
		{14300D1D-699F-472C-8506-6F1BC7E3E1BC}.Release|x86.Build.0 = Release|Any CPU
		{53CFDD20-29A3-49A3-9890-0E8385BFAE36}.Debug|Any CPU.ActiveCfg = Debug|Any CPU
		{53CFDD20-29A3-49A3-9890-0E8385BFAE36}.Debug|Any CPU.Build.0 = Debug|Any CPU
		{53CFDD20-29A3-49A3-9890-0E8385BFAE36}.Debug|x64.ActiveCfg = Debug|Any CPU
		{53CFDD20-29A3-49A3-9890-0E8385BFAE36}.Debug|x64.Build.0 = Debug|Any CPU
		{53CFDD20-29A3-49A3-9890-0E8385BFAE36}.Debug|x86.ActiveCfg = Debug|Any CPU
		{53CFDD20-29A3-49A3-9890-0E8385BFAE36}.Debug|x86.Build.0 = Debug|Any CPU
		{53CFDD20-29A3-49A3-9890-0E8385BFAE36}.Release|Any CPU.ActiveCfg = Release|Any CPU
		{53CFDD20-29A3-49A3-9890-0E8385BFAE36}.Release|Any CPU.Build.0 = Release|Any CPU
		{53CFDD20-29A3-49A3-9890-0E8385BFAE36}.Release|x64.ActiveCfg = Release|Any CPU
		{53CFDD20-29A3-49A3-9890-0E8385BFAE36}.Release|x64.Build.0 = Release|Any CPU
		{53CFDD20-29A3-49A3-9890-0E8385BFAE36}.Release|x86.ActiveCfg = Release|Any CPU
		{53CFDD20-29A3-49A3-9890-0E8385BFAE36}.Release|x86.Build.0 = Release|Any CPU
		{040E73B3-1065-4F0F-B958-6D5C80430CFE}.Debug|Any CPU.ActiveCfg = Debug|Any CPU
		{040E73B3-1065-4F0F-B958-6D5C80430CFE}.Debug|Any CPU.Build.0 = Debug|Any CPU
		{040E73B3-1065-4F0F-B958-6D5C80430CFE}.Debug|x64.ActiveCfg = Debug|Any CPU
		{040E73B3-1065-4F0F-B958-6D5C80430CFE}.Debug|x64.Build.0 = Debug|Any CPU
		{040E73B3-1065-4F0F-B958-6D5C80430CFE}.Debug|x86.ActiveCfg = Debug|Any CPU
		{040E73B3-1065-4F0F-B958-6D5C80430CFE}.Debug|x86.Build.0 = Debug|Any CPU
		{040E73B3-1065-4F0F-B958-6D5C80430CFE}.Release|Any CPU.ActiveCfg = Release|Any CPU
		{040E73B3-1065-4F0F-B958-6D5C80430CFE}.Release|Any CPU.Build.0 = Release|Any CPU
		{040E73B3-1065-4F0F-B958-6D5C80430CFE}.Release|x64.ActiveCfg = Release|Any CPU
		{040E73B3-1065-4F0F-B958-6D5C80430CFE}.Release|x64.Build.0 = Release|Any CPU
		{040E73B3-1065-4F0F-B958-6D5C80430CFE}.Release|x86.ActiveCfg = Release|Any CPU
		{040E73B3-1065-4F0F-B958-6D5C80430CFE}.Release|x86.Build.0 = Release|Any CPU
		{A459188B-2DBB-4906-BF8C-312716385B5B}.Debug|Any CPU.ActiveCfg = Debug|Any CPU
		{A459188B-2DBB-4906-BF8C-312716385B5B}.Debug|Any CPU.Build.0 = Debug|Any CPU
		{A459188B-2DBB-4906-BF8C-312716385B5B}.Debug|x64.ActiveCfg = Debug|Any CPU
		{A459188B-2DBB-4906-BF8C-312716385B5B}.Debug|x64.Build.0 = Debug|Any CPU
		{A459188B-2DBB-4906-BF8C-312716385B5B}.Debug|x86.ActiveCfg = Debug|Any CPU
		{A459188B-2DBB-4906-BF8C-312716385B5B}.Debug|x86.Build.0 = Debug|Any CPU
		{A459188B-2DBB-4906-BF8C-312716385B5B}.Release|Any CPU.ActiveCfg = Release|Any CPU
		{A459188B-2DBB-4906-BF8C-312716385B5B}.Release|Any CPU.Build.0 = Release|Any CPU
		{A459188B-2DBB-4906-BF8C-312716385B5B}.Release|x64.ActiveCfg = Release|Any CPU
		{A459188B-2DBB-4906-BF8C-312716385B5B}.Release|x64.Build.0 = Release|Any CPU
		{A459188B-2DBB-4906-BF8C-312716385B5B}.Release|x86.ActiveCfg = Release|Any CPU
		{A459188B-2DBB-4906-BF8C-312716385B5B}.Release|x86.Build.0 = Release|Any CPU
		{98E59A32-7669-4CB3-9A1C-F91C58D2E365}.Debug|Any CPU.ActiveCfg = Debug|Any CPU
		{98E59A32-7669-4CB3-9A1C-F91C58D2E365}.Debug|Any CPU.Build.0 = Debug|Any CPU
		{98E59A32-7669-4CB3-9A1C-F91C58D2E365}.Debug|x64.ActiveCfg = Debug|Any CPU
		{98E59A32-7669-4CB3-9A1C-F91C58D2E365}.Debug|x64.Build.0 = Debug|Any CPU
		{98E59A32-7669-4CB3-9A1C-F91C58D2E365}.Debug|x86.ActiveCfg = Debug|Any CPU
		{98E59A32-7669-4CB3-9A1C-F91C58D2E365}.Debug|x86.Build.0 = Debug|Any CPU
		{98E59A32-7669-4CB3-9A1C-F91C58D2E365}.Release|Any CPU.ActiveCfg = Release|Any CPU
		{98E59A32-7669-4CB3-9A1C-F91C58D2E365}.Release|Any CPU.Build.0 = Release|Any CPU
		{98E59A32-7669-4CB3-9A1C-F91C58D2E365}.Release|x64.ActiveCfg = Release|Any CPU
		{98E59A32-7669-4CB3-9A1C-F91C58D2E365}.Release|x64.Build.0 = Release|Any CPU
		{98E59A32-7669-4CB3-9A1C-F91C58D2E365}.Release|x86.ActiveCfg = Release|Any CPU
		{98E59A32-7669-4CB3-9A1C-F91C58D2E365}.Release|x86.Build.0 = Release|Any CPU
		{032EE93F-9115-424C-BC1D-497FA4044977}.Debug|Any CPU.ActiveCfg = Debug|Any CPU
		{032EE93F-9115-424C-BC1D-497FA4044977}.Debug|Any CPU.Build.0 = Debug|Any CPU
		{032EE93F-9115-424C-BC1D-497FA4044977}.Debug|x64.ActiveCfg = Debug|Any CPU
		{032EE93F-9115-424C-BC1D-497FA4044977}.Debug|x64.Build.0 = Debug|Any CPU
		{032EE93F-9115-424C-BC1D-497FA4044977}.Debug|x86.ActiveCfg = Debug|Any CPU
		{032EE93F-9115-424C-BC1D-497FA4044977}.Debug|x86.Build.0 = Debug|Any CPU
		{032EE93F-9115-424C-BC1D-497FA4044977}.Release|Any CPU.ActiveCfg = Release|Any CPU
		{032EE93F-9115-424C-BC1D-497FA4044977}.Release|Any CPU.Build.0 = Release|Any CPU
		{032EE93F-9115-424C-BC1D-497FA4044977}.Release|x64.ActiveCfg = Release|Any CPU
		{032EE93F-9115-424C-BC1D-497FA4044977}.Release|x64.Build.0 = Release|Any CPU
		{032EE93F-9115-424C-BC1D-497FA4044977}.Release|x86.ActiveCfg = Release|Any CPU
		{032EE93F-9115-424C-BC1D-497FA4044977}.Release|x86.Build.0 = Release|Any CPU
		{0D51BF7E-DA9F-4805-88CC-CF430151C41C}.Debug|Any CPU.ActiveCfg = Debug|Any CPU
		{0D51BF7E-DA9F-4805-88CC-CF430151C41C}.Debug|Any CPU.Build.0 = Debug|Any CPU
		{0D51BF7E-DA9F-4805-88CC-CF430151C41C}.Debug|x64.ActiveCfg = Debug|Any CPU
		{0D51BF7E-DA9F-4805-88CC-CF430151C41C}.Debug|x64.Build.0 = Debug|Any CPU
		{0D51BF7E-DA9F-4805-88CC-CF430151C41C}.Debug|x86.ActiveCfg = Debug|Any CPU
		{0D51BF7E-DA9F-4805-88CC-CF430151C41C}.Debug|x86.Build.0 = Debug|Any CPU
		{0D51BF7E-DA9F-4805-88CC-CF430151C41C}.Release|Any CPU.ActiveCfg = Release|Any CPU
		{0D51BF7E-DA9F-4805-88CC-CF430151C41C}.Release|Any CPU.Build.0 = Release|Any CPU
		{0D51BF7E-DA9F-4805-88CC-CF430151C41C}.Release|x64.ActiveCfg = Release|Any CPU
		{0D51BF7E-DA9F-4805-88CC-CF430151C41C}.Release|x64.Build.0 = Release|Any CPU
		{0D51BF7E-DA9F-4805-88CC-CF430151C41C}.Release|x86.ActiveCfg = Release|Any CPU
		{0D51BF7E-DA9F-4805-88CC-CF430151C41C}.Release|x86.Build.0 = Release|Any CPU
		{E092E3E6-8E86-4709-818D-59F6730640B7}.Debug|Any CPU.ActiveCfg = Debug|Any CPU
		{E092E3E6-8E86-4709-818D-59F6730640B7}.Debug|Any CPU.Build.0 = Debug|Any CPU
		{E092E3E6-8E86-4709-818D-59F6730640B7}.Debug|x64.ActiveCfg = Debug|Any CPU
		{E092E3E6-8E86-4709-818D-59F6730640B7}.Debug|x64.Build.0 = Debug|Any CPU
		{E092E3E6-8E86-4709-818D-59F6730640B7}.Debug|x86.ActiveCfg = Debug|Any CPU
		{E092E3E6-8E86-4709-818D-59F6730640B7}.Debug|x86.Build.0 = Debug|Any CPU
		{E092E3E6-8E86-4709-818D-59F6730640B7}.Release|Any CPU.ActiveCfg = Release|Any CPU
		{E092E3E6-8E86-4709-818D-59F6730640B7}.Release|Any CPU.Build.0 = Release|Any CPU
		{E092E3E6-8E86-4709-818D-59F6730640B7}.Release|x64.ActiveCfg = Release|Any CPU
		{E092E3E6-8E86-4709-818D-59F6730640B7}.Release|x64.Build.0 = Release|Any CPU
		{E092E3E6-8E86-4709-818D-59F6730640B7}.Release|x86.ActiveCfg = Release|Any CPU
		{E092E3E6-8E86-4709-818D-59F6730640B7}.Release|x86.Build.0 = Release|Any CPU
		{0B62D403-4465-42D5-B6EF-8CD1DBDC1980}.Debug|Any CPU.ActiveCfg = Debug|Any CPU
		{0B62D403-4465-42D5-B6EF-8CD1DBDC1980}.Debug|Any CPU.Build.0 = Debug|Any CPU
		{0B62D403-4465-42D5-B6EF-8CD1DBDC1980}.Debug|x64.ActiveCfg = Debug|Any CPU
		{0B62D403-4465-42D5-B6EF-8CD1DBDC1980}.Debug|x64.Build.0 = Debug|Any CPU
		{0B62D403-4465-42D5-B6EF-8CD1DBDC1980}.Debug|x86.ActiveCfg = Debug|Any CPU
		{0B62D403-4465-42D5-B6EF-8CD1DBDC1980}.Debug|x86.Build.0 = Debug|Any CPU
		{0B62D403-4465-42D5-B6EF-8CD1DBDC1980}.Release|Any CPU.ActiveCfg = Release|Any CPU
		{0B62D403-4465-42D5-B6EF-8CD1DBDC1980}.Release|Any CPU.Build.0 = Release|Any CPU
		{0B62D403-4465-42D5-B6EF-8CD1DBDC1980}.Release|x64.ActiveCfg = Release|Any CPU
		{0B62D403-4465-42D5-B6EF-8CD1DBDC1980}.Release|x64.Build.0 = Release|Any CPU
		{0B62D403-4465-42D5-B6EF-8CD1DBDC1980}.Release|x86.ActiveCfg = Release|Any CPU
		{0B62D403-4465-42D5-B6EF-8CD1DBDC1980}.Release|x86.Build.0 = Release|Any CPU
		{4B121BAE-D94A-4A2D-AFA0-36D171ADE1CB}.Debug|Any CPU.ActiveCfg = Debug|Any CPU
		{4B121BAE-D94A-4A2D-AFA0-36D171ADE1CB}.Debug|Any CPU.Build.0 = Debug|Any CPU
		{4B121BAE-D94A-4A2D-AFA0-36D171ADE1CB}.Debug|x64.ActiveCfg = Debug|Any CPU
		{4B121BAE-D94A-4A2D-AFA0-36D171ADE1CB}.Debug|x64.Build.0 = Debug|Any CPU
		{4B121BAE-D94A-4A2D-AFA0-36D171ADE1CB}.Debug|x86.ActiveCfg = Debug|Any CPU
		{4B121BAE-D94A-4A2D-AFA0-36D171ADE1CB}.Debug|x86.Build.0 = Debug|Any CPU
		{4B121BAE-D94A-4A2D-AFA0-36D171ADE1CB}.Release|Any CPU.ActiveCfg = Release|Any CPU
		{4B121BAE-D94A-4A2D-AFA0-36D171ADE1CB}.Release|Any CPU.Build.0 = Release|Any CPU
		{4B121BAE-D94A-4A2D-AFA0-36D171ADE1CB}.Release|x64.ActiveCfg = Release|Any CPU
		{4B121BAE-D94A-4A2D-AFA0-36D171ADE1CB}.Release|x64.Build.0 = Release|Any CPU
		{4B121BAE-D94A-4A2D-AFA0-36D171ADE1CB}.Release|x86.ActiveCfg = Release|Any CPU
		{4B121BAE-D94A-4A2D-AFA0-36D171ADE1CB}.Release|x86.Build.0 = Release|Any CPU
		{6278760E-A81C-4057-82F3-DF1D9108EABD}.Debug|Any CPU.ActiveCfg = Debug|Any CPU
		{6278760E-A81C-4057-82F3-DF1D9108EABD}.Debug|Any CPU.Build.0 = Debug|Any CPU
		{6278760E-A81C-4057-82F3-DF1D9108EABD}.Debug|x64.ActiveCfg = Debug|Any CPU
		{6278760E-A81C-4057-82F3-DF1D9108EABD}.Debug|x64.Build.0 = Debug|Any CPU
		{6278760E-A81C-4057-82F3-DF1D9108EABD}.Debug|x86.ActiveCfg = Debug|Any CPU
		{6278760E-A81C-4057-82F3-DF1D9108EABD}.Debug|x86.Build.0 = Debug|Any CPU
		{6278760E-A81C-4057-82F3-DF1D9108EABD}.Release|Any CPU.ActiveCfg = Release|Any CPU
		{6278760E-A81C-4057-82F3-DF1D9108EABD}.Release|Any CPU.Build.0 = Release|Any CPU
		{6278760E-A81C-4057-82F3-DF1D9108EABD}.Release|x64.ActiveCfg = Release|Any CPU
		{6278760E-A81C-4057-82F3-DF1D9108EABD}.Release|x64.Build.0 = Release|Any CPU
		{6278760E-A81C-4057-82F3-DF1D9108EABD}.Release|x86.ActiveCfg = Release|Any CPU
		{6278760E-A81C-4057-82F3-DF1D9108EABD}.Release|x86.Build.0 = Release|Any CPU
		{B33FCBEB-715E-4007-BF49-550CE5531C06}.Debug|Any CPU.ActiveCfg = Debug|Any CPU
		{B33FCBEB-715E-4007-BF49-550CE5531C06}.Debug|Any CPU.Build.0 = Debug|Any CPU
		{B33FCBEB-715E-4007-BF49-550CE5531C06}.Debug|x64.ActiveCfg = Debug|Any CPU
		{B33FCBEB-715E-4007-BF49-550CE5531C06}.Debug|x64.Build.0 = Debug|Any CPU
		{B33FCBEB-715E-4007-BF49-550CE5531C06}.Debug|x86.ActiveCfg = Debug|Any CPU
		{B33FCBEB-715E-4007-BF49-550CE5531C06}.Debug|x86.Build.0 = Debug|Any CPU
		{B33FCBEB-715E-4007-BF49-550CE5531C06}.Release|Any CPU.ActiveCfg = Release|Any CPU
		{B33FCBEB-715E-4007-BF49-550CE5531C06}.Release|Any CPU.Build.0 = Release|Any CPU
		{B33FCBEB-715E-4007-BF49-550CE5531C06}.Release|x64.ActiveCfg = Release|Any CPU
		{B33FCBEB-715E-4007-BF49-550CE5531C06}.Release|x64.Build.0 = Release|Any CPU
		{B33FCBEB-715E-4007-BF49-550CE5531C06}.Release|x86.ActiveCfg = Release|Any CPU
		{B33FCBEB-715E-4007-BF49-550CE5531C06}.Release|x86.Build.0 = Release|Any CPU
		{BA4AAE58-0025-4734-AAC6-866C293D3A3B}.Debug|Any CPU.ActiveCfg = Debug|Any CPU
		{BA4AAE58-0025-4734-AAC6-866C293D3A3B}.Debug|Any CPU.Build.0 = Debug|Any CPU
		{BA4AAE58-0025-4734-AAC6-866C293D3A3B}.Debug|x64.ActiveCfg = Debug|Any CPU
		{BA4AAE58-0025-4734-AAC6-866C293D3A3B}.Debug|x64.Build.0 = Debug|Any CPU
		{BA4AAE58-0025-4734-AAC6-866C293D3A3B}.Debug|x86.ActiveCfg = Debug|Any CPU
		{BA4AAE58-0025-4734-AAC6-866C293D3A3B}.Debug|x86.Build.0 = Debug|Any CPU
		{BA4AAE58-0025-4734-AAC6-866C293D3A3B}.Release|Any CPU.ActiveCfg = Release|Any CPU
		{BA4AAE58-0025-4734-AAC6-866C293D3A3B}.Release|Any CPU.Build.0 = Release|Any CPU
		{BA4AAE58-0025-4734-AAC6-866C293D3A3B}.Release|x64.ActiveCfg = Release|Any CPU
		{BA4AAE58-0025-4734-AAC6-866C293D3A3B}.Release|x64.Build.0 = Release|Any CPU
		{BA4AAE58-0025-4734-AAC6-866C293D3A3B}.Release|x86.ActiveCfg = Release|Any CPU
		{BA4AAE58-0025-4734-AAC6-866C293D3A3B}.Release|x86.Build.0 = Release|Any CPU
		{693A7E09-CD29-4D07-A2D4-8033CCEB6E7A}.Debug|Any CPU.ActiveCfg = Debug|Any CPU
		{693A7E09-CD29-4D07-A2D4-8033CCEB6E7A}.Debug|Any CPU.Build.0 = Debug|Any CPU
		{693A7E09-CD29-4D07-A2D4-8033CCEB6E7A}.Debug|x64.ActiveCfg = Debug|Any CPU
		{693A7E09-CD29-4D07-A2D4-8033CCEB6E7A}.Debug|x64.Build.0 = Debug|Any CPU
		{693A7E09-CD29-4D07-A2D4-8033CCEB6E7A}.Debug|x86.ActiveCfg = Debug|Any CPU
		{693A7E09-CD29-4D07-A2D4-8033CCEB6E7A}.Debug|x86.Build.0 = Debug|Any CPU
		{693A7E09-CD29-4D07-A2D4-8033CCEB6E7A}.Release|Any CPU.ActiveCfg = Release|Any CPU
		{693A7E09-CD29-4D07-A2D4-8033CCEB6E7A}.Release|Any CPU.Build.0 = Release|Any CPU
		{693A7E09-CD29-4D07-A2D4-8033CCEB6E7A}.Release|x64.ActiveCfg = Release|Any CPU
		{693A7E09-CD29-4D07-A2D4-8033CCEB6E7A}.Release|x64.Build.0 = Release|Any CPU
		{693A7E09-CD29-4D07-A2D4-8033CCEB6E7A}.Release|x86.ActiveCfg = Release|Any CPU
		{693A7E09-CD29-4D07-A2D4-8033CCEB6E7A}.Release|x86.Build.0 = Release|Any CPU
		{1DF2136A-6390-47AF-9196-0ED2A29548A8}.Debug|Any CPU.ActiveCfg = Debug|Any CPU
		{1DF2136A-6390-47AF-9196-0ED2A29548A8}.Debug|Any CPU.Build.0 = Debug|Any CPU
		{1DF2136A-6390-47AF-9196-0ED2A29548A8}.Debug|x64.ActiveCfg = Debug|Any CPU
		{1DF2136A-6390-47AF-9196-0ED2A29548A8}.Debug|x64.Build.0 = Debug|Any CPU
		{1DF2136A-6390-47AF-9196-0ED2A29548A8}.Debug|x86.ActiveCfg = Debug|Any CPU
		{1DF2136A-6390-47AF-9196-0ED2A29548A8}.Debug|x86.Build.0 = Debug|Any CPU
		{1DF2136A-6390-47AF-9196-0ED2A29548A8}.Release|Any CPU.ActiveCfg = Release|Any CPU
		{1DF2136A-6390-47AF-9196-0ED2A29548A8}.Release|Any CPU.Build.0 = Release|Any CPU
		{1DF2136A-6390-47AF-9196-0ED2A29548A8}.Release|x64.ActiveCfg = Release|Any CPU
		{1DF2136A-6390-47AF-9196-0ED2A29548A8}.Release|x64.Build.0 = Release|Any CPU
		{1DF2136A-6390-47AF-9196-0ED2A29548A8}.Release|x86.ActiveCfg = Release|Any CPU
		{1DF2136A-6390-47AF-9196-0ED2A29548A8}.Release|x86.Build.0 = Release|Any CPU
		{923E800B-54D9-4C29-A74C-51DC5D1E6D2E}.Debug|Any CPU.ActiveCfg = Debug|Any CPU
		{923E800B-54D9-4C29-A74C-51DC5D1E6D2E}.Debug|Any CPU.Build.0 = Debug|Any CPU
		{923E800B-54D9-4C29-A74C-51DC5D1E6D2E}.Debug|x64.ActiveCfg = Debug|Any CPU
		{923E800B-54D9-4C29-A74C-51DC5D1E6D2E}.Debug|x64.Build.0 = Debug|Any CPU
		{923E800B-54D9-4C29-A74C-51DC5D1E6D2E}.Debug|x86.ActiveCfg = Debug|Any CPU
		{923E800B-54D9-4C29-A74C-51DC5D1E6D2E}.Debug|x86.Build.0 = Debug|Any CPU
		{923E800B-54D9-4C29-A74C-51DC5D1E6D2E}.Release|Any CPU.ActiveCfg = Release|Any CPU
		{923E800B-54D9-4C29-A74C-51DC5D1E6D2E}.Release|Any CPU.Build.0 = Release|Any CPU
		{923E800B-54D9-4C29-A74C-51DC5D1E6D2E}.Release|x64.ActiveCfg = Release|Any CPU
		{923E800B-54D9-4C29-A74C-51DC5D1E6D2E}.Release|x64.Build.0 = Release|Any CPU
		{923E800B-54D9-4C29-A74C-51DC5D1E6D2E}.Release|x86.ActiveCfg = Release|Any CPU
		{923E800B-54D9-4C29-A74C-51DC5D1E6D2E}.Release|x86.Build.0 = Release|Any CPU
		{5FF2BC51-2AB7-4ACB-8759-6364385798F6}.Debug|Any CPU.ActiveCfg = Debug|Any CPU
		{5FF2BC51-2AB7-4ACB-8759-6364385798F6}.Debug|Any CPU.Build.0 = Debug|Any CPU
		{5FF2BC51-2AB7-4ACB-8759-6364385798F6}.Debug|x64.ActiveCfg = Debug|Any CPU
		{5FF2BC51-2AB7-4ACB-8759-6364385798F6}.Debug|x64.Build.0 = Debug|Any CPU
		{5FF2BC51-2AB7-4ACB-8759-6364385798F6}.Debug|x86.ActiveCfg = Debug|Any CPU
		{5FF2BC51-2AB7-4ACB-8759-6364385798F6}.Debug|x86.Build.0 = Debug|Any CPU
		{5FF2BC51-2AB7-4ACB-8759-6364385798F6}.Release|Any CPU.ActiveCfg = Release|Any CPU
		{5FF2BC51-2AB7-4ACB-8759-6364385798F6}.Release|Any CPU.Build.0 = Release|Any CPU
		{5FF2BC51-2AB7-4ACB-8759-6364385798F6}.Release|x64.ActiveCfg = Release|Any CPU
		{5FF2BC51-2AB7-4ACB-8759-6364385798F6}.Release|x64.Build.0 = Release|Any CPU
		{5FF2BC51-2AB7-4ACB-8759-6364385798F6}.Release|x86.ActiveCfg = Release|Any CPU
		{5FF2BC51-2AB7-4ACB-8759-6364385798F6}.Release|x86.Build.0 = Release|Any CPU
		{E8859C1A-5E57-450F-A6D3-7BA977DFB135}.Debug|Any CPU.ActiveCfg = Debug|Any CPU
		{E8859C1A-5E57-450F-A6D3-7BA977DFB135}.Debug|Any CPU.Build.0 = Debug|Any CPU
		{E8859C1A-5E57-450F-A6D3-7BA977DFB135}.Debug|x64.ActiveCfg = Debug|Any CPU
		{E8859C1A-5E57-450F-A6D3-7BA977DFB135}.Debug|x64.Build.0 = Debug|Any CPU
		{E8859C1A-5E57-450F-A6D3-7BA977DFB135}.Debug|x86.ActiveCfg = Debug|Any CPU
		{E8859C1A-5E57-450F-A6D3-7BA977DFB135}.Debug|x86.Build.0 = Debug|Any CPU
		{E8859C1A-5E57-450F-A6D3-7BA977DFB135}.Release|Any CPU.ActiveCfg = Release|Any CPU
		{E8859C1A-5E57-450F-A6D3-7BA977DFB135}.Release|Any CPU.Build.0 = Release|Any CPU
		{E8859C1A-5E57-450F-A6D3-7BA977DFB135}.Release|x64.ActiveCfg = Release|Any CPU
		{E8859C1A-5E57-450F-A6D3-7BA977DFB135}.Release|x64.Build.0 = Release|Any CPU
		{E8859C1A-5E57-450F-A6D3-7BA977DFB135}.Release|x86.ActiveCfg = Release|Any CPU
		{E8859C1A-5E57-450F-A6D3-7BA977DFB135}.Release|x86.Build.0 = Release|Any CPU
	EndGlobalSection
EndGlobal
